// !$*UTF8*$!
{
	archiveVersion = 1;
	classes = {
	};
	objectVersion = 56;
	objects = {

/* Begin PBXBuildFile section */
		5504D2492C04811B007225AB /* Product.swift in Sources */ = {isa = PBXBuildFile; fileRef = 5504D2482C04811B007225AB /* Product.swift */; };
		5504D24D2C0481C6007225AB /* ProductAttribute.swift in Sources */ = {isa = PBXBuildFile; fileRef = 5504D24C2C0481C6007225AB /* ProductAttribute.swift */; };
		5504D2512C0483CF007225AB /* InstallmentsData.swift in Sources */ = {isa = PBXBuildFile; fileRef = 5504D2502C0483CF007225AB /* InstallmentsData.swift */; };
		5504D2532C04845E007225AB /* ShippingData.swift in Sources */ = {isa = PBXBuildFile; fileRef = 5504D2522C04845E007225AB /* ShippingData.swift */; };
		5504D2A22C0487F6007225AB /* ShippingDataTests.swift in Sources */ = {isa = PBXBuildFile; fileRef = 5504D2A12C0487F6007225AB /* ShippingDataTests.swift */; };
		5504D2A42C048912007225AB /* InstalmentsDataTests.swift in Sources */ = {isa = PBXBuildFile; fileRef = 5504D2A32C048912007225AB /* InstalmentsDataTests.swift */; };
		5504D2A62C0489DA007225AB /* ProductAttributeTests.swift in Sources */ = {isa = PBXBuildFile; fileRef = 5504D2A52C0489DA007225AB /* ProductAttributeTests.swift */; };
		5504D2A82C048A8E007225AB /* ProductTests.swift in Sources */ = {isa = PBXBuildFile; fileRef = 5504D2A72C048A8E007225AB /* ProductTests.swift */; };
		5504D2AB2C048E03007225AB /* HTTPMethod.swift in Sources */ = {isa = PBXBuildFile; fileRef = 5504D2AA2C048E03007225AB /* HTTPMethod.swift */; };
		5504D2AD2C048EA0007225AB /* NetworkError.swift in Sources */ = {isa = PBXBuildFile; fileRef = 5504D2AC2C048EA0007225AB /* NetworkError.swift */; };
		5504D2AF2C048EE0007225AB /* NetworkManager.swift in Sources */ = {isa = PBXBuildFile; fileRef = 5504D2AE2C048EE0007225AB /* NetworkManager.swift */; };
		5504D2B22C04914A007225AB /* EncodableExtensions.swift in Sources */ = {isa = PBXBuildFile; fileRef = 5504D2B12C04914A007225AB /* EncodableExtensions.swift */; };
		5504D2B52C04917B007225AB /* EncodableError.swift in Sources */ = {isa = PBXBuildFile; fileRef = 5504D2B42C04917B007225AB /* EncodableError.swift */; };
		5504D2BB2C049527007225AB /* ProductRepositoryProtocol.swift in Sources */ = {isa = PBXBuildFile; fileRef = 5504D2BA2C049527007225AB /* ProductRepositoryProtocol.swift */; };
		5507A7CB2C0F1C960035D0AF /* ConfigReader.swift in Sources */ = {isa = PBXBuildFile; fileRef = 5507A7CA2C0F1C960035D0AF /* ConfigReader.swift */; };
		553614AC2C0F1F5D00664DE9 /* MeLi-Challenge-Info.plist in Resources */ = {isa = PBXBuildFile; fileRef = 553614AB2C0F1F5C00664DE9 /* MeLi-Challenge-Info.plist */; };
		554F6FFA2C046FFD005F4803 /* ProductDetailView.swift in Sources */ = {isa = PBXBuildFile; fileRef = 554F6FF92C046FFD005F4803 /* ProductDetailView.swift */; };
		55CAD9092C0449520058E54A /* MeLi_ChallengeApp.swift in Sources */ = {isa = PBXBuildFile; fileRef = 55CAD9082C0449520058E54A /* MeLi_ChallengeApp.swift */; };
		55CAD90B2C0449520058E54A /* ContentView.swift in Sources */ = {isa = PBXBuildFile; fileRef = 55CAD90A2C0449520058E54A /* ContentView.swift */; };
		55CAD90D2C0449540058E54A /* Assets.xcassets in Resources */ = {isa = PBXBuildFile; fileRef = 55CAD90C2C0449540058E54A /* Assets.xcassets */; };
		55CAD9112C0449540058E54A /* Preview Assets.xcassets in Resources */ = {isa = PBXBuildFile; fileRef = 55CAD9102C0449540058E54A /* Preview Assets.xcassets */; };
		55D84F7A2C08B05A003916BC /* ProductDetailViewModel.swift in Sources */ = {isa = PBXBuildFile; fileRef = 55D84F792C08B05A003916BC /* ProductDetailViewModel.swift */; };
		55DAFBB12C0CAAAA00D60797 /* Logger.swift in Sources */ = {isa = PBXBuildFile; fileRef = 55DAFBB02C0CAAAA00D60797 /* Logger.swift */; };
		55E5C7F92C07551200723477 /* ProductDetailDTO.swift in Sources */ = {isa = PBXBuildFile; fileRef = 55E5C7F82C07551200723477 /* ProductDetailDTO.swift */; };
		55E5C7FB2C07557D00723477 /* PictureDTO.swift in Sources */ = {isa = PBXBuildFile; fileRef = 55E5C7FA2C07557D00723477 /* PictureDTO.swift */; };
		55E5C7FD2C0756FF00723477 /* DescriptionDTO.swift in Sources */ = {isa = PBXBuildFile; fileRef = 55E5C7FC2C0756FF00723477 /* DescriptionDTO.swift */; };
		55E5C8012C0757F500723477 /* ProductDetailTranslator.swift in Sources */ = {isa = PBXBuildFile; fileRef = 55E5C8002C0757F500723477 /* ProductDetailTranslator.swift */; };
		55E5C8042C0763B700723477 /* HomeViewModel.swift in Sources */ = {isa = PBXBuildFile; fileRef = 55E5C8032C0763B700723477 /* HomeViewModel.swift */; };
		55E5C8062C07651200723477 /* ProductService.swift in Sources */ = {isa = PBXBuildFile; fileRef = 55E5C8052C07651200723477 /* ProductService.swift */; };
		55E5C8082C0765E800723477 /* MockUpProductRepository.swift in Sources */ = {isa = PBXBuildFile; fileRef = 55E5C8072C0765E800723477 /* MockUpProductRepository.swift */; };
		55E5C80A2C076D8000723477 /* ViewState.swift in Sources */ = {isa = PBXBuildFile; fileRef = 55E5C8092C076D8000723477 /* ViewState.swift */; };
		55E5C80D2C07725400723477 /* String+URL.swift in Sources */ = {isa = PBXBuildFile; fileRef = 55E5C80C2C07725400723477 /* String+URL.swift */; };
		55E7038C2C08E14900DD6CF1 /* ProductAttributeView.swift in Sources */ = {isa = PBXBuildFile; fileRef = 55E7038B2C08E14900DD6CF1 /* ProductAttributeView.swift */; };
		55E7038E2C091F7300DD6CF1 /* ShippingDataView.swift in Sources */ = {isa = PBXBuildFile; fileRef = 55E7038D2C091F7300DD6CF1 /* ShippingDataView.swift */; };
		55EEDCDC2C05DA8B000091A2 /* ProductDetail.swift in Sources */ = {isa = PBXBuildFile; fileRef = 55EEDCDB2C05DA8B000091A2 /* ProductDetail.swift */; };
		55EEDCDF2C05DB17000091A2 /* ProductServiceProtocol.swift in Sources */ = {isa = PBXBuildFile; fileRef = 55EEDCDE2C05DB17000091A2 /* ProductServiceProtocol.swift */; };
		55EEDCE22C05E057000091A2 /* ProductDTO.swift in Sources */ = {isa = PBXBuildFile; fileRef = 55EEDCE12C05E057000091A2 /* ProductDTO.swift */; };
		55EEDCE42C05E112000091A2 /* ProductAttributeDTO.swift in Sources */ = {isa = PBXBuildFile; fileRef = 55EEDCE32C05E112000091A2 /* ProductAttributeDTO.swift */; };
		55EEDCE62C05E210000091A2 /* ShippingDataDTO.swift in Sources */ = {isa = PBXBuildFile; fileRef = 55EEDCE52C05E210000091A2 /* ShippingDataDTO.swift */; };
		55EEDCE82C05E29E000091A2 /* InstallmentsDataDTO.swift in Sources */ = {isa = PBXBuildFile; fileRef = 55EEDCE72C05E29E000091A2 /* InstallmentsDataDTO.swift */; };
		55EEDCEA2C05E894000091A2 /* FetchProductsResults.swift in Sources */ = {isa = PBXBuildFile; fileRef = 55EEDCE92C05E894000091A2 /* FetchProductsResults.swift */; };
		55EEDCEC2C05E996000091A2 /* ProductRepository.swift in Sources */ = {isa = PBXBuildFile; fileRef = 55EEDCEB2C05E996000091A2 /* ProductRepository.swift */; };
		55EEDCEF2C05ED35000091A2 /* ProductTranslator.swift in Sources */ = {isa = PBXBuildFile; fileRef = 55EEDCEE2C05ED35000091A2 /* ProductTranslator.swift */; };
		55EEDCF12C05EF10000091A2 /* ProductAttributeTranslator.swift in Sources */ = {isa = PBXBuildFile; fileRef = 55EEDCF02C05EF10000091A2 /* ProductAttributeTranslator.swift */; };
		55EEDCF32C05EFF5000091A2 /* ShippmentDataTranslator.swift in Sources */ = {isa = PBXBuildFile; fileRef = 55EEDCF22C05EFF5000091A2 /* ShippmentDataTranslator.swift */; };
		55EEDCF52C05F073000091A2 /* InstallmentsDataTranslator.swift in Sources */ = {isa = PBXBuildFile; fileRef = 55EEDCF42C05F073000091A2 /* InstallmentsDataTranslator.swift */; };
		55EEDCF82C05F146000091A2 /* DecodableList.swift in Sources */ = {isa = PBXBuildFile; fileRef = 55EEDCF72C05F146000091A2 /* DecodableList.swift */; };
		55EEDCFA2C05F1EA000091A2 /* Endpoints.swift in Sources */ = {isa = PBXBuildFile; fileRef = 55EEDCF92C05F1EA000091A2 /* Endpoints.swift */; };
		55EFD9A02C046C140000F42E /* Localizable.xcstrings in Resources */ = {isa = PBXBuildFile; fileRef = 55EFD99F2C046C140000F42E /* Localizable.xcstrings */; };
		55F328992C04515F0037D987 /* HomeView.swift in Sources */ = {isa = PBXBuildFile; fileRef = 55F328982C04515F0037D987 /* HomeView.swift */; };
		55F3289B2C0454A30037D987 /* ProductCardView.swift in Sources */ = {isa = PBXBuildFile; fileRef = 55F3289A2C0454A30037D987 /* ProductCardView.swift */; };
/* End PBXBuildFile section */

/* Begin PBXContainerItemProxy section */
		5504D2952C048712007225AB /* PBXContainerItemProxy */ = {
			isa = PBXContainerItemProxy;
			containerPortal = 55CAD8FD2C0449520058E54A /* Project object */;
			proxyType = 1;
			remoteGlobalIDString = 55CAD9042C0449520058E54A;
			remoteInfo = "MeLi Challenge";
		};
/* End PBXContainerItemProxy section */

/* Begin PBXFileReference section */
		5504D2482C04811B007225AB /* Product.swift */ = {isa = PBXFileReference; lastKnownFileType = sourcecode.swift; path = Product.swift; sourceTree = "<group>"; };
		5504D24C2C0481C6007225AB /* ProductAttribute.swift */ = {isa = PBXFileReference; lastKnownFileType = sourcecode.swift; path = ProductAttribute.swift; sourceTree = "<group>"; };
		5504D2502C0483CF007225AB /* InstallmentsData.swift */ = {isa = PBXFileReference; lastKnownFileType = sourcecode.swift; path = InstallmentsData.swift; sourceTree = "<group>"; };
		5504D2522C04845E007225AB /* ShippingData.swift */ = {isa = PBXFileReference; lastKnownFileType = sourcecode.swift; path = ShippingData.swift; sourceTree = "<group>"; };
		5504D2912C048712007225AB /* MeLi ChallengeTests.xctest */ = {isa = PBXFileReference; explicitFileType = wrapper.cfbundle; includeInIndex = 0; path = "MeLi ChallengeTests.xctest"; sourceTree = BUILT_PRODUCTS_DIR; };
		5504D2A12C0487F6007225AB /* ShippingDataTests.swift */ = {isa = PBXFileReference; lastKnownFileType = sourcecode.swift; path = ShippingDataTests.swift; sourceTree = "<group>"; };
		5504D2A32C048912007225AB /* InstalmentsDataTests.swift */ = {isa = PBXFileReference; lastKnownFileType = sourcecode.swift; path = InstalmentsDataTests.swift; sourceTree = "<group>"; };
		5504D2A52C0489DA007225AB /* ProductAttributeTests.swift */ = {isa = PBXFileReference; lastKnownFileType = sourcecode.swift; path = ProductAttributeTests.swift; sourceTree = "<group>"; };
		5504D2A72C048A8E007225AB /* ProductTests.swift */ = {isa = PBXFileReference; lastKnownFileType = sourcecode.swift; path = ProductTests.swift; sourceTree = "<group>"; };
		5504D2AA2C048E03007225AB /* HTTPMethod.swift */ = {isa = PBXFileReference; lastKnownFileType = sourcecode.swift; path = HTTPMethod.swift; sourceTree = "<group>"; };
		5504D2AC2C048EA0007225AB /* NetworkError.swift */ = {isa = PBXFileReference; lastKnownFileType = sourcecode.swift; path = NetworkError.swift; sourceTree = "<group>"; };
		5504D2AE2C048EE0007225AB /* NetworkManager.swift */ = {isa = PBXFileReference; lastKnownFileType = sourcecode.swift; path = NetworkManager.swift; sourceTree = "<group>"; };
		5504D2B12C04914A007225AB /* EncodableExtensions.swift */ = {isa = PBXFileReference; lastKnownFileType = sourcecode.swift; path = EncodableExtensions.swift; sourceTree = "<group>"; };
		5504D2B42C04917B007225AB /* EncodableError.swift */ = {isa = PBXFileReference; lastKnownFileType = sourcecode.swift; path = EncodableError.swift; sourceTree = "<group>"; };
		5504D2BA2C049527007225AB /* ProductRepositoryProtocol.swift */ = {isa = PBXFileReference; lastKnownFileType = sourcecode.swift; path = ProductRepositoryProtocol.swift; sourceTree = "<group>"; };
		5507A7CA2C0F1C960035D0AF /* ConfigReader.swift */ = {isa = PBXFileReference; lastKnownFileType = sourcecode.swift; path = ConfigReader.swift; sourceTree = "<group>"; };
		553614AB2C0F1F5C00664DE9 /* MeLi-Challenge-Info.plist */ = {isa = PBXFileReference; lastKnownFileType = text.plist; path = "MeLi-Challenge-Info.plist"; sourceTree = SOURCE_ROOT; };
		554F6FF92C046FFD005F4803 /* ProductDetailView.swift */ = {isa = PBXFileReference; lastKnownFileType = sourcecode.swift; path = ProductDetailView.swift; sourceTree = "<group>"; };
		55CAD9052C0449520058E54A /* MeLi Challenge.app */ = {isa = PBXFileReference; explicitFileType = wrapper.application; includeInIndex = 0; path = "MeLi Challenge.app"; sourceTree = BUILT_PRODUCTS_DIR; };
		55CAD9082C0449520058E54A /* MeLi_ChallengeApp.swift */ = {isa = PBXFileReference; lastKnownFileType = sourcecode.swift; path = MeLi_ChallengeApp.swift; sourceTree = "<group>"; };
		55CAD90A2C0449520058E54A /* ContentView.swift */ = {isa = PBXFileReference; lastKnownFileType = sourcecode.swift; path = ContentView.swift; sourceTree = "<group>"; };
		55CAD90C2C0449540058E54A /* Assets.xcassets */ = {isa = PBXFileReference; lastKnownFileType = folder.assetcatalog; path = Assets.xcassets; sourceTree = "<group>"; };
		55CAD90E2C0449540058E54A /* MeLi_Challenge.entitlements */ = {isa = PBXFileReference; lastKnownFileType = text.plist.entitlements; path = MeLi_Challenge.entitlements; sourceTree = "<group>"; };
		55CAD9102C0449540058E54A /* Preview Assets.xcassets */ = {isa = PBXFileReference; lastKnownFileType = folder.assetcatalog; path = "Preview Assets.xcassets"; sourceTree = "<group>"; };
		55D84F792C08B05A003916BC /* ProductDetailViewModel.swift */ = {isa = PBXFileReference; lastKnownFileType = sourcecode.swift; path = ProductDetailViewModel.swift; sourceTree = "<group>"; };
		55DAFBAC2C0CA93800D60797 /* Debug Dev.xcconfig */ = {isa = PBXFileReference; lastKnownFileType = text.xcconfig; path = "Debug Dev.xcconfig"; sourceTree = "<group>"; };
		55DAFBAE2C0CAA0A00D60797 /* Debug QA.xcconfig */ = {isa = PBXFileReference; lastKnownFileType = text.xcconfig; path = "Debug QA.xcconfig"; sourceTree = "<group>"; };
		55DAFBAF2C0CAA1100D60797 /* Debug Prod.xcconfig */ = {isa = PBXFileReference; lastKnownFileType = text.xcconfig; path = "Debug Prod.xcconfig"; sourceTree = "<group>"; };
		55DAFBB02C0CAAAA00D60797 /* Logger.swift */ = {isa = PBXFileReference; lastKnownFileType = sourcecode.swift; path = Logger.swift; sourceTree = "<group>"; };
		55DAFBB22C0CB8FE00D60797 /* Release Dev.xcconfig */ = {isa = PBXFileReference; lastKnownFileType = text.xcconfig; path = "Release Dev.xcconfig"; sourceTree = "<group>"; };
		55DAFBB32C0CB90800D60797 /* Release QA.xcconfig */ = {isa = PBXFileReference; lastKnownFileType = text.xcconfig; path = "Release QA.xcconfig"; sourceTree = "<group>"; };
		55DAFBB42C0CB91400D60797 /* Release Prod.xcconfig */ = {isa = PBXFileReference; lastKnownFileType = text.xcconfig; path = "Release Prod.xcconfig"; sourceTree = "<group>"; };
		55E5C7F82C07551200723477 /* ProductDetailDTO.swift */ = {isa = PBXFileReference; lastKnownFileType = sourcecode.swift; path = ProductDetailDTO.swift; sourceTree = "<group>"; };
		55E5C7FA2C07557D00723477 /* PictureDTO.swift */ = {isa = PBXFileReference; lastKnownFileType = sourcecode.swift; path = PictureDTO.swift; sourceTree = "<group>"; };
		55E5C7FC2C0756FF00723477 /* DescriptionDTO.swift */ = {isa = PBXFileReference; lastKnownFileType = sourcecode.swift; path = DescriptionDTO.swift; sourceTree = "<group>"; };
		55E5C8002C0757F500723477 /* ProductDetailTranslator.swift */ = {isa = PBXFileReference; lastKnownFileType = sourcecode.swift; path = ProductDetailTranslator.swift; sourceTree = "<group>"; };
		55E5C8032C0763B700723477 /* HomeViewModel.swift */ = {isa = PBXFileReference; lastKnownFileType = sourcecode.swift; path = HomeViewModel.swift; sourceTree = "<group>"; };
		55E5C8052C07651200723477 /* ProductService.swift */ = {isa = PBXFileReference; lastKnownFileType = sourcecode.swift; path = ProductService.swift; sourceTree = "<group>"; };
		55E5C8072C0765E800723477 /* MockUpProductRepository.swift */ = {isa = PBXFileReference; lastKnownFileType = sourcecode.swift; path = MockUpProductRepository.swift; sourceTree = "<group>"; };
		55E5C8092C076D8000723477 /* ViewState.swift */ = {isa = PBXFileReference; lastKnownFileType = sourcecode.swift; path = ViewState.swift; sourceTree = "<group>"; };
		55E5C80C2C07725400723477 /* String+URL.swift */ = {isa = PBXFileReference; lastKnownFileType = sourcecode.swift; path = "String+URL.swift"; sourceTree = "<group>"; };
		55E7038B2C08E14900DD6CF1 /* ProductAttributeView.swift */ = {isa = PBXFileReference; lastKnownFileType = sourcecode.swift; path = ProductAttributeView.swift; sourceTree = "<group>"; };
		55E7038D2C091F7300DD6CF1 /* ShippingDataView.swift */ = {isa = PBXFileReference; lastKnownFileType = sourcecode.swift; path = ShippingDataView.swift; sourceTree = "<group>"; };
		55EEDCDB2C05DA8B000091A2 /* ProductDetail.swift */ = {isa = PBXFileReference; lastKnownFileType = sourcecode.swift; path = ProductDetail.swift; sourceTree = "<group>"; };
		55EEDCDE2C05DB17000091A2 /* ProductServiceProtocol.swift */ = {isa = PBXFileReference; lastKnownFileType = sourcecode.swift; path = ProductServiceProtocol.swift; sourceTree = "<group>"; };
		55EEDCE12C05E057000091A2 /* ProductDTO.swift */ = {isa = PBXFileReference; lastKnownFileType = sourcecode.swift; path = ProductDTO.swift; sourceTree = "<group>"; };
		55EEDCE32C05E112000091A2 /* ProductAttributeDTO.swift */ = {isa = PBXFileReference; lastKnownFileType = sourcecode.swift; path = ProductAttributeDTO.swift; sourceTree = "<group>"; };
		55EEDCE52C05E210000091A2 /* ShippingDataDTO.swift */ = {isa = PBXFileReference; lastKnownFileType = sourcecode.swift; path = ShippingDataDTO.swift; sourceTree = "<group>"; };
		55EEDCE72C05E29E000091A2 /* InstallmentsDataDTO.swift */ = {isa = PBXFileReference; lastKnownFileType = sourcecode.swift; path = InstallmentsDataDTO.swift; sourceTree = "<group>"; };
		55EEDCE92C05E894000091A2 /* FetchProductsResults.swift */ = {isa = PBXFileReference; lastKnownFileType = sourcecode.swift; path = FetchProductsResults.swift; sourceTree = "<group>"; };
		55EEDCEB2C05E996000091A2 /* ProductRepository.swift */ = {isa = PBXFileReference; lastKnownFileType = sourcecode.swift; path = ProductRepository.swift; sourceTree = "<group>"; };
		55EEDCEE2C05ED35000091A2 /* ProductTranslator.swift */ = {isa = PBXFileReference; lastKnownFileType = sourcecode.swift; path = ProductTranslator.swift; sourceTree = "<group>"; };
		55EEDCF02C05EF10000091A2 /* ProductAttributeTranslator.swift */ = {isa = PBXFileReference; lastKnownFileType = sourcecode.swift; path = ProductAttributeTranslator.swift; sourceTree = "<group>"; };
		55EEDCF22C05EFF5000091A2 /* ShippmentDataTranslator.swift */ = {isa = PBXFileReference; lastKnownFileType = sourcecode.swift; path = ShippmentDataTranslator.swift; sourceTree = "<group>"; };
		55EEDCF42C05F073000091A2 /* InstallmentsDataTranslator.swift */ = {isa = PBXFileReference; lastKnownFileType = sourcecode.swift; path = InstallmentsDataTranslator.swift; sourceTree = "<group>"; };
		55EEDCF72C05F146000091A2 /* DecodableList.swift */ = {isa = PBXFileReference; lastKnownFileType = sourcecode.swift; path = DecodableList.swift; sourceTree = "<group>"; };
		55EEDCF92C05F1EA000091A2 /* Endpoints.swift */ = {isa = PBXFileReference; lastKnownFileType = sourcecode.swift; path = Endpoints.swift; sourceTree = "<group>"; };
		55EFD99F2C046C140000F42E /* Localizable.xcstrings */ = {isa = PBXFileReference; lastKnownFileType = text.json.xcstrings; path = Localizable.xcstrings; sourceTree = "<group>"; };
		55F328982C04515F0037D987 /* HomeView.swift */ = {isa = PBXFileReference; lastKnownFileType = sourcecode.swift; path = HomeView.swift; sourceTree = "<group>"; };
		55F3289A2C0454A30037D987 /* ProductCardView.swift */ = {isa = PBXFileReference; lastKnownFileType = sourcecode.swift; path = ProductCardView.swift; sourceTree = "<group>"; };
/* End PBXFileReference section */

/* Begin PBXFrameworksBuildPhase section */
		5504D28E2C048712007225AB /* Frameworks */ = {
			isa = PBXFrameworksBuildPhase;
			buildActionMask = 2147483647;
			files = (
			);
			runOnlyForDeploymentPostprocessing = 0;
		};
		55CAD9022C0449520058E54A /* Frameworks */ = {
			isa = PBXFrameworksBuildPhase;
			buildActionMask = 2147483647;
			files = (
			);
			runOnlyForDeploymentPostprocessing = 0;
		};
/* End PBXFrameworksBuildPhase section */

/* Begin PBXGroup section */
		5504D2472C0480F9007225AB /* Models */ = {
			isa = PBXGroup;
			children = (
				5504D2482C04811B007225AB /* Product.swift */,
				5504D24C2C0481C6007225AB /* ProductAttribute.swift */,
				5504D2502C0483CF007225AB /* InstallmentsData.swift */,
				5504D2522C04845E007225AB /* ShippingData.swift */,
				55EEDCDB2C05DA8B000091A2 /* ProductDetail.swift */,
			);
			path = Models;
			sourceTree = "<group>";
		};
		5504D2542C0484BE007225AB /* MockUpData */ = {
			isa = PBXGroup;
			children = (
			);
			path = MockUpData;
			sourceTree = "<group>";
		};
		5504D2922C048712007225AB /* MeLi ChallengeTests */ = {
			isa = PBXGroup;
			children = (
				5504D29E2C0487A8007225AB /* ModelsTests */,
			);
			path = "MeLi ChallengeTests";
			sourceTree = "<group>";
		};
		5504D29E2C0487A8007225AB /* ModelsTests */ = {
			isa = PBXGroup;
			children = (
				5504D2A12C0487F6007225AB /* ShippingDataTests.swift */,
				5504D2A32C048912007225AB /* InstalmentsDataTests.swift */,
				5504D2A52C0489DA007225AB /* ProductAttributeTests.swift */,
				5504D2A72C048A8E007225AB /* ProductTests.swift */,
			);
			path = ModelsTests;
			sourceTree = "<group>";
		};
		5504D2A92C048DF7007225AB /* Networking */ = {
			isa = PBXGroup;
			children = (
				55EEDCE02C05E034000091A2 /* DTOs */,
				5504D2B72C04936A007225AB /* API */,
			);
			path = Networking;
			sourceTree = "<group>";
		};
		5504D2B02C04913D007225AB /* Utilities */ = {
			isa = PBXGroup;
			children = (
				55E5C80B2C07724A00723477 /* String */,
				5504D2B32C04915D007225AB /* Encodable */,
				55EEDCF72C05F146000091A2 /* DecodableList.swift */,
				55DAFBB02C0CAAAA00D60797 /* Logger.swift */,
				5507A7CA2C0F1C960035D0AF /* ConfigReader.swift */,
			);
			path = Utilities;
			sourceTree = "<group>";
		};
		5504D2B32C04915D007225AB /* Encodable */ = {
			isa = PBXGroup;
			children = (
				5504D2B12C04914A007225AB /* EncodableExtensions.swift */,
				5504D2B42C04917B007225AB /* EncodableError.swift */,
			);
			path = Encodable;
			sourceTree = "<group>";
		};
		5504D2B72C04936A007225AB /* API */ = {
			isa = PBXGroup;
			children = (
				5504D2AE2C048EE0007225AB /* NetworkManager.swift */,
				5504D2AA2C048E03007225AB /* HTTPMethod.swift */,
				5504D2AC2C048EA0007225AB /* NetworkError.swift */,
				55EEDCF92C05F1EA000091A2 /* Endpoints.swift */,
			);
			path = API;
			sourceTree = "<group>";
		};
		5504D2B92C04951D007225AB /* Repositories */ = {
			isa = PBXGroup;
			children = (
				5504D2BA2C049527007225AB /* ProductRepositoryProtocol.swift */,
				55EEDCEB2C05E996000091A2 /* ProductRepository.swift */,
				55E5C8072C0765E800723477 /* MockUpProductRepository.swift */,
			);
			path = Repositories;
			sourceTree = "<group>";
		};
		55CAD8FC2C0449520058E54A = {
			isa = PBXGroup;
			children = (
				55CAD9072C0449520058E54A /* MeLi Challenge */,
				5504D2922C048712007225AB /* MeLi ChallengeTests */,
				55CAD9062C0449520058E54A /* Products */,
			);
			sourceTree = "<group>";
		};
		55CAD9062C0449520058E54A /* Products */ = {
			isa = PBXGroup;
			children = (
				55CAD9052C0449520058E54A /* MeLi Challenge.app */,
				5504D2912C048712007225AB /* MeLi ChallengeTests.xctest */,
			);
			name = Products;
			sourceTree = "<group>";
		};
		55CAD9072C0449520058E54A /* MeLi Challenge */ = {
			isa = PBXGroup;
			children = (
				553614AB2C0F1F5C00664DE9 /* MeLi-Challenge-Info.plist */,
				55DAFBAD2C0CA9FC00D60797 /* Configurations */,
				55CAD90E2C0449540058E54A /* MeLi_Challenge.entitlements */,
				55CAD90A2C0449520058E54A /* ContentView.swift */,
				55CAD9082C0449520058E54A /* MeLi_ChallengeApp.swift */,
				55CAD90C2C0449540058E54A /* Assets.xcassets */,
				5504D2472C0480F9007225AB /* Models */,
				5504D2A92C048DF7007225AB /* Networking */,
				55CAD90F2C0449540058E54A /* Preview Content */,
				5504D2B92C04951D007225AB /* Repositories */,
				55EFD99E2C046C060000F42E /* Resources */,
				55EEDCDD2C05DB0D000091A2 /* Services */,
				55EEDCED2C05ED12000091A2 /* Translators */,
				5504D2B02C04913D007225AB /* Utilities */,
				55E5C8022C0763A200723477 /* ViewModels */,
				55F328972C04513F0037D987 /* Views */,
			);
			path = "MeLi Challenge";
			sourceTree = "<group>";
		};
		55CAD90F2C0449540058E54A /* Preview Content */ = {
			isa = PBXGroup;
			children = (
				55CAD9102C0449540058E54A /* Preview Assets.xcassets */,
			);
			path = "Preview Content";
			sourceTree = "<group>";
		};
		55DAFBAD2C0CA9FC00D60797 /* Configurations */ = {
			isa = PBXGroup;
			children = (
				55DAFBAC2C0CA93800D60797 /* Debug Dev.xcconfig */,
				55DAFBAE2C0CAA0A00D60797 /* Debug QA.xcconfig */,
				55DAFBAF2C0CAA1100D60797 /* Debug Prod.xcconfig */,
				55DAFBB22C0CB8FE00D60797 /* Release Dev.xcconfig */,
				55DAFBB32C0CB90800D60797 /* Release QA.xcconfig */,
				55DAFBB42C0CB91400D60797 /* Release Prod.xcconfig */,
			);
			path = Configurations;
			sourceTree = "<group>";
		};
		55E5C8022C0763A200723477 /* ViewModels */ = {
			isa = PBXGroup;
			children = (
				55E5C8032C0763B700723477 /* HomeViewModel.swift */,
				55E5C8092C076D8000723477 /* ViewState.swift */,
				55D84F792C08B05A003916BC /* ProductDetailViewModel.swift */,
			);
			path = ViewModels;
			sourceTree = "<group>";
		};
		55E5C80B2C07724A00723477 /* String */ = {
			isa = PBXGroup;
			children = (
				55E5C80C2C07725400723477 /* String+URL.swift */,
			);
			path = String;
			sourceTree = "<group>";
		};
		55EEDCDD2C05DB0D000091A2 /* Services */ = {
			isa = PBXGroup;
			children = (
				55EEDCDE2C05DB17000091A2 /* ProductServiceProtocol.swift */,
				55E5C8052C07651200723477 /* ProductService.swift */,
			);
			path = Services;
			sourceTree = "<group>";
		};
		55EEDCE02C05E034000091A2 /* DTOs */ = {
			isa = PBXGroup;
			children = (
				55EEDCE12C05E057000091A2 /* ProductDTO.swift */,
				55EEDCE32C05E112000091A2 /* ProductAttributeDTO.swift */,
				55EEDCE52C05E210000091A2 /* ShippingDataDTO.swift */,
				55EEDCE72C05E29E000091A2 /* InstallmentsDataDTO.swift */,
				55EEDCE92C05E894000091A2 /* FetchProductsResults.swift */,
				55E5C7F82C07551200723477 /* ProductDetailDTO.swift */,
				55E5C7FA2C07557D00723477 /* PictureDTO.swift */,
				55E5C7FC2C0756FF00723477 /* DescriptionDTO.swift */,
			);
			path = DTOs;
			sourceTree = "<group>";
		};
		55EEDCED2C05ED12000091A2 /* Translators */ = {
			isa = PBXGroup;
			children = (
				55EEDCEE2C05ED35000091A2 /* ProductTranslator.swift */,
				55EEDCF02C05EF10000091A2 /* ProductAttributeTranslator.swift */,
				55EEDCF22C05EFF5000091A2 /* ShippmentDataTranslator.swift */,
				55EEDCF42C05F073000091A2 /* InstallmentsDataTranslator.swift */,
				55E5C8002C0757F500723477 /* ProductDetailTranslator.swift */,
			);
			path = Translators;
			sourceTree = "<group>";
		};
		55EFD99E2C046C060000F42E /* Resources */ = {
			isa = PBXGroup;
			children = (
				5504D2542C0484BE007225AB /* MockUpData */,
				55EFD99F2C046C140000F42E /* Localizable.xcstrings */,
			);
			path = Resources;
			sourceTree = "<group>";
		};
		55F328972C04513F0037D987 /* Views */ = {
			isa = PBXGroup;
			children = (
				55F328982C04515F0037D987 /* HomeView.swift */,
				55F3289A2C0454A30037D987 /* ProductCardView.swift */,
				554F6FF92C046FFD005F4803 /* ProductDetailView.swift */,
				55E7038B2C08E14900DD6CF1 /* ProductAttributeView.swift */,
				55E7038D2C091F7300DD6CF1 /* ShippingDataView.swift */,
			);
			path = Views;
			sourceTree = "<group>";
		};
/* End PBXGroup section */

/* Begin PBXNativeTarget section */
		5504D2902C048712007225AB /* MeLi ChallengeTests */ = {
			isa = PBXNativeTarget;
			buildConfigurationList = 5504D2972C048712007225AB /* Build configuration list for PBXNativeTarget "MeLi ChallengeTests" */;
			buildPhases = (
				5504D28D2C048712007225AB /* Sources */,
				5504D28E2C048712007225AB /* Frameworks */,
				5504D28F2C048712007225AB /* Resources */,
			);
			buildRules = (
			);
			dependencies = (
				5504D2962C048712007225AB /* PBXTargetDependency */,
			);
			name = "MeLi ChallengeTests";
			productName = "MeLi ChallengeTests";
			productReference = 5504D2912C048712007225AB /* MeLi ChallengeTests.xctest */;
			productType = "com.apple.product-type.bundle.unit-test";
		};
		55CAD9042C0449520058E54A /* MeLi Challenge */ = {
			isa = PBXNativeTarget;
			buildConfigurationList = 55CAD9142C0449540058E54A /* Build configuration list for PBXNativeTarget "MeLi Challenge" */;
			buildPhases = (
				55CAD9012C0449520058E54A /* Sources */,
				55CAD9022C0449520058E54A /* Frameworks */,
				55CAD9032C0449520058E54A /* Resources */,
			);
			buildRules = (
			);
			dependencies = (
			);
			name = "MeLi Challenge";
			productName = "MeLi Challenge";
			productReference = 55CAD9052C0449520058E54A /* MeLi Challenge.app */;
			productType = "com.apple.product-type.application";
		};
/* End PBXNativeTarget section */

/* Begin PBXProject section */
		55CAD8FD2C0449520058E54A /* Project object */ = {
			isa = PBXProject;
			attributes = {
				BuildIndependentTargetsInParallel = 1;
				LastSwiftUpdateCheck = 1500;
				LastUpgradeCheck = 1500;
				TargetAttributes = {
					5504D2902C048712007225AB = {
						CreatedOnToolsVersion = 15.0.1;
						TestTargetID = 55CAD9042C0449520058E54A;
					};
					55CAD9042C0449520058E54A = {
						CreatedOnToolsVersion = 15.0.1;
					};
				};
			};
			buildConfigurationList = 55CAD9002C0449520058E54A /* Build configuration list for PBXProject "MeLi Challenge" */;
			compatibilityVersion = "Xcode 14.0";
			developmentRegion = en;
			hasScannedForEncodings = 0;
			knownRegions = (
				en,
				Base,
				"es-419",
			);
			mainGroup = 55CAD8FC2C0449520058E54A;
			productRefGroup = 55CAD9062C0449520058E54A /* Products */;
			projectDirPath = "";
			projectRoot = "";
			targets = (
				55CAD9042C0449520058E54A /* MeLi Challenge */,
				5504D2902C048712007225AB /* MeLi ChallengeTests */,
			);
		};
/* End PBXProject section */

/* Begin PBXResourcesBuildPhase section */
		5504D28F2C048712007225AB /* Resources */ = {
			isa = PBXResourcesBuildPhase;
			buildActionMask = 2147483647;
			files = (
			);
			runOnlyForDeploymentPostprocessing = 0;
		};
		55CAD9032C0449520058E54A /* Resources */ = {
			isa = PBXResourcesBuildPhase;
			buildActionMask = 2147483647;
			files = (
				55CAD9112C0449540058E54A /* Preview Assets.xcassets in Resources */,
				55CAD90D2C0449540058E54A /* Assets.xcassets in Resources */,
				55EFD9A02C046C140000F42E /* Localizable.xcstrings in Resources */,
				553614AC2C0F1F5D00664DE9 /* MeLi-Challenge-Info.plist in Resources */,
			);
			runOnlyForDeploymentPostprocessing = 0;
		};
/* End PBXResourcesBuildPhase section */

/* Begin PBXSourcesBuildPhase section */
		5504D28D2C048712007225AB /* Sources */ = {
			isa = PBXSourcesBuildPhase;
			buildActionMask = 2147483647;
			files = (
				5504D2A42C048912007225AB /* InstalmentsDataTests.swift in Sources */,
				5504D2A62C0489DA007225AB /* ProductAttributeTests.swift in Sources */,
				5504D2A22C0487F6007225AB /* ShippingDataTests.swift in Sources */,
				5504D2A82C048A8E007225AB /* ProductTests.swift in Sources */,
			);
			runOnlyForDeploymentPostprocessing = 0;
		};
		55CAD9012C0449520058E54A /* Sources */ = {
			isa = PBXSourcesBuildPhase;
			buildActionMask = 2147483647;
			files = (
				55EEDCFA2C05F1EA000091A2 /* Endpoints.swift in Sources */,
				55EEDCF32C05EFF5000091A2 /* ShippmentDataTranslator.swift in Sources */,
				5507A7CB2C0F1C960035D0AF /* ConfigReader.swift in Sources */,
				55EEDCF12C05EF10000091A2 /* ProductAttributeTranslator.swift in Sources */,
				55E7038C2C08E14900DD6CF1 /* ProductAttributeView.swift in Sources */,
				5504D2AF2C048EE0007225AB /* NetworkManager.swift in Sources */,
				55EEDCE82C05E29E000091A2 /* InstallmentsDataDTO.swift in Sources */,
				5504D2AB2C048E03007225AB /* HTTPMethod.swift in Sources */,
				55EEDCF82C05F146000091A2 /* DecodableList.swift in Sources */,
				55EEDCDC2C05DA8B000091A2 /* ProductDetail.swift in Sources */,
				55E5C7FB2C07557D00723477 /* PictureDTO.swift in Sources */,
				55EEDCF52C05F073000091A2 /* InstallmentsDataTranslator.swift in Sources */,
				55E5C80D2C07725400723477 /* String+URL.swift in Sources */,
				55EEDCEC2C05E996000091A2 /* ProductRepository.swift in Sources */,
				5504D2B22C04914A007225AB /* EncodableExtensions.swift in Sources */,
				55DAFBB12C0CAAAA00D60797 /* Logger.swift in Sources */,
				55EEDCEA2C05E894000091A2 /* FetchProductsResults.swift in Sources */,
				55F328992C04515F0037D987 /* HomeView.swift in Sources */,
				5504D2B52C04917B007225AB /* EncodableError.swift in Sources */,
				55E5C7F92C07551200723477 /* ProductDetailDTO.swift in Sources */,
				55E5C8082C0765E800723477 /* MockUpProductRepository.swift in Sources */,
				55EEDCDF2C05DB17000091A2 /* ProductServiceProtocol.swift in Sources */,
				55E5C8042C0763B700723477 /* HomeViewModel.swift in Sources */,
				55EEDCE62C05E210000091A2 /* ShippingDataDTO.swift in Sources */,
				55E5C8062C07651200723477 /* ProductService.swift in Sources */,
				55D84F7A2C08B05A003916BC /* ProductDetailViewModel.swift in Sources */,
				5504D2512C0483CF007225AB /* InstallmentsData.swift in Sources */,
				55EEDCE42C05E112000091A2 /* ProductAttributeDTO.swift in Sources */,
				55EEDCEF2C05ED35000091A2 /* ProductTranslator.swift in Sources */,
				554F6FFA2C046FFD005F4803 /* ProductDetailView.swift in Sources */,
				55EEDCE22C05E057000091A2 /* ProductDTO.swift in Sources */,
				55E7038E2C091F7300DD6CF1 /* ShippingDataView.swift in Sources */,
				55CAD90B2C0449520058E54A /* ContentView.swift in Sources */,
				55F3289B2C0454A30037D987 /* ProductCardView.swift in Sources */,
				5504D2BB2C049527007225AB /* ProductRepositoryProtocol.swift in Sources */,
				55E5C7FD2C0756FF00723477 /* DescriptionDTO.swift in Sources */,
				55E5C80A2C076D8000723477 /* ViewState.swift in Sources */,
				5504D2532C04845E007225AB /* ShippingData.swift in Sources */,
				5504D24D2C0481C6007225AB /* ProductAttribute.swift in Sources */,
				55CAD9092C0449520058E54A /* MeLi_ChallengeApp.swift in Sources */,
				55E5C8012C0757F500723477 /* ProductDetailTranslator.swift in Sources */,
				5504D2AD2C048EA0007225AB /* NetworkError.swift in Sources */,
				5504D2492C04811B007225AB /* Product.swift in Sources */,
			);
			runOnlyForDeploymentPostprocessing = 0;
		};
/* End PBXSourcesBuildPhase section */

/* Begin PBXTargetDependency section */
		5504D2962C048712007225AB /* PBXTargetDependency */ = {
			isa = PBXTargetDependency;
			target = 55CAD9042C0449520058E54A /* MeLi Challenge */;
			targetProxy = 5504D2952C048712007225AB /* PBXContainerItemProxy */;
		};
/* End PBXTargetDependency section */

/* Begin XCBuildConfiguration section */
		5504D2982C048712007225AB /* Debug Prod */ = {
			isa = XCBuildConfiguration;
			baseConfigurationReference = 55DAFBAF2C0CAA1100D60797 /* Debug Prod.xcconfig */;
			buildSettings = {
				ALWAYS_SEARCH_USER_PATHS = NO;
				ASSETCATALOG_COMPILER_GENERATE_SWIFT_ASSET_SYMBOL_EXTENSIONS = YES;
				BUNDLE_LOADER = "$(TEST_HOST)";
				CLANG_ANALYZER_NONNULL = YES;
				CLANG_ANALYZER_NUMBER_OBJECT_CONVERSION = YES_AGGRESSIVE;
				CLANG_CXX_LANGUAGE_STANDARD = "gnu++20";
				CLANG_ENABLE_MODULES = YES;
				CLANG_ENABLE_OBJC_ARC = YES;
				CLANG_ENABLE_OBJC_WEAK = YES;
				CLANG_WARN_BLOCK_CAPTURE_AUTORELEASING = YES;
				CLANG_WARN_BOOL_CONVERSION = YES;
				CLANG_WARN_COMMA = YES;
				CLANG_WARN_CONSTANT_CONVERSION = YES;
				CLANG_WARN_DEPRECATED_OBJC_IMPLEMENTATIONS = YES;
				CLANG_WARN_DIRECT_OBJC_ISA_USAGE = YES_ERROR;
				CLANG_WARN_DOCUMENTATION_COMMENTS = YES;
				CLANG_WARN_EMPTY_BODY = YES;
				CLANG_WARN_ENUM_CONVERSION = YES;
				CLANG_WARN_INFINITE_RECURSION = YES;
				CLANG_WARN_INT_CONVERSION = YES;
				CLANG_WARN_NON_LITERAL_NULL_CONVERSION = YES;
				CLANG_WARN_OBJC_IMPLICIT_RETAIN_SELF = YES;
				CLANG_WARN_OBJC_LITERAL_CONVERSION = YES;
				CLANG_WARN_OBJC_ROOT_CLASS = YES_ERROR;
				CLANG_WARN_QUOTED_INCLUDE_IN_FRAMEWORK_HEADER = YES;
				CLANG_WARN_RANGE_LOOP_ANALYSIS = YES;
				CLANG_WARN_STRICT_PROTOTYPES = YES;
				CLANG_WARN_SUSPICIOUS_MOVE = YES;
				CLANG_WARN_UNGUARDED_AVAILABILITY = YES_AGGRESSIVE;
				CLANG_WARN_UNREACHABLE_CODE = YES;
				CLANG_WARN__DUPLICATE_METHOD_MATCH = YES;
				CODE_SIGN_STYLE = Automatic;
				COPY_PHASE_STRIP = NO;
				CURRENT_PROJECT_VERSION = 1;
				DEBUG_INFORMATION_FORMAT = dwarf;
				DEVELOPMENT_TEAM = 3WV46KGNVB;
				ENABLE_STRICT_OBJC_MSGSEND = YES;
				ENABLE_TESTABILITY = YES;
				ENABLE_USER_SCRIPT_SANDBOXING = YES;
				GCC_C_LANGUAGE_STANDARD = gnu17;
				GCC_DYNAMIC_NO_PIC = NO;
				GCC_NO_COMMON_BLOCKS = YES;
				GCC_OPTIMIZATION_LEVEL = 0;
				GCC_PREPROCESSOR_DEFINITIONS = (
					"DEBUG=1",
					"$(inherited)",
				);
				GCC_WARN_64_TO_32_BIT_CONVERSION = YES;
				GCC_WARN_ABOUT_RETURN_TYPE = YES_ERROR;
				GCC_WARN_UNDECLARED_SELECTOR = YES;
				GCC_WARN_UNINITIALIZED_AUTOS = YES_AGGRESSIVE;
				GCC_WARN_UNUSED_FUNCTION = YES;
				GCC_WARN_UNUSED_VARIABLE = YES;
				GENERATE_INFOPLIST_FILE = YES;
				IPHONEOS_DEPLOYMENT_TARGET = 17.0;
				LOCALIZATION_PREFERS_STRING_CATALOGS = YES;
				MARKETING_VERSION = 1.0;
				MTL_ENABLE_DEBUG_INFO = INCLUDE_SOURCE;
				MTL_FAST_MATH = YES;
				ONLY_ACTIVE_ARCH = YES;
				PRODUCT_BUNDLE_IDENTIFIER = "FelipeRubio.MeLi-ChallengeTests";
				PRODUCT_NAME = "$(TARGET_NAME)";
				SDKROOT = iphoneos;
				SUPPORTED_PLATFORMS = "iphoneos iphonesimulator";
				SUPPORTS_MACCATALYST = NO;
				SUPPORTS_MAC_DESIGNED_FOR_IPHONE_IPAD = NO;
				SWIFT_ACTIVE_COMPILATION_CONDITIONS = "DEBUG $(inherited)";
				SWIFT_EMIT_LOC_STRINGS = NO;
				SWIFT_OPTIMIZATION_LEVEL = "-Onone";
				SWIFT_VERSION = 5.0;
				TARGETED_DEVICE_FAMILY = "1,2";
				TEST_HOST = "$(BUILT_PRODUCTS_DIR)/MeLi Challenge.app/$(BUNDLE_EXECUTABLE_FOLDER_PATH)/MeLi Challenge";
			};
			name = "Debug Prod";
		};
		5504D2992C048712007225AB /* Debug Dev */ = {
			isa = XCBuildConfiguration;
			baseConfigurationReference = 55DAFBAC2C0CA93800D60797 /* Debug Dev.xcconfig */;
			buildSettings = {
				ALWAYS_SEARCH_USER_PATHS = NO;
				ASSETCATALOG_COMPILER_GENERATE_SWIFT_ASSET_SYMBOL_EXTENSIONS = YES;
				BUNDLE_LOADER = "$(TEST_HOST)";
				CLANG_ANALYZER_NONNULL = YES;
				CLANG_ANALYZER_NUMBER_OBJECT_CONVERSION = YES_AGGRESSIVE;
				CLANG_CXX_LANGUAGE_STANDARD = "gnu++20";
				CLANG_ENABLE_MODULES = YES;
				CLANG_ENABLE_OBJC_ARC = YES;
				CLANG_ENABLE_OBJC_WEAK = YES;
				CLANG_WARN_BLOCK_CAPTURE_AUTORELEASING = YES;
				CLANG_WARN_BOOL_CONVERSION = YES;
				CLANG_WARN_COMMA = YES;
				CLANG_WARN_CONSTANT_CONVERSION = YES;
				CLANG_WARN_DEPRECATED_OBJC_IMPLEMENTATIONS = YES;
				CLANG_WARN_DIRECT_OBJC_ISA_USAGE = YES_ERROR;
				CLANG_WARN_DOCUMENTATION_COMMENTS = YES;
				CLANG_WARN_EMPTY_BODY = YES;
				CLANG_WARN_ENUM_CONVERSION = YES;
				CLANG_WARN_INFINITE_RECURSION = YES;
				CLANG_WARN_INT_CONVERSION = YES;
				CLANG_WARN_NON_LITERAL_NULL_CONVERSION = YES;
				CLANG_WARN_OBJC_IMPLICIT_RETAIN_SELF = YES;
				CLANG_WARN_OBJC_LITERAL_CONVERSION = YES;
				CLANG_WARN_OBJC_ROOT_CLASS = YES_ERROR;
				CLANG_WARN_QUOTED_INCLUDE_IN_FRAMEWORK_HEADER = YES;
				CLANG_WARN_RANGE_LOOP_ANALYSIS = YES;
				CLANG_WARN_STRICT_PROTOTYPES = YES;
				CLANG_WARN_SUSPICIOUS_MOVE = YES;
				CLANG_WARN_UNGUARDED_AVAILABILITY = YES_AGGRESSIVE;
				CLANG_WARN_UNREACHABLE_CODE = YES;
				CLANG_WARN__DUPLICATE_METHOD_MATCH = YES;
				CODE_SIGN_STYLE = Automatic;
				COPY_PHASE_STRIP = NO;
				CURRENT_PROJECT_VERSION = 1;
				DEBUG_INFORMATION_FORMAT = dwarf;
				DEVELOPMENT_TEAM = 3WV46KGNVB;
				ENABLE_STRICT_OBJC_MSGSEND = YES;
				ENABLE_TESTABILITY = YES;
				ENABLE_USER_SCRIPT_SANDBOXING = YES;
				GCC_C_LANGUAGE_STANDARD = gnu17;
				GCC_DYNAMIC_NO_PIC = NO;
				GCC_NO_COMMON_BLOCKS = YES;
				GCC_OPTIMIZATION_LEVEL = 0;
				GCC_PREPROCESSOR_DEFINITIONS = (
					"DEBUG=1",
					"$(inherited)",
				);
				GCC_WARN_64_TO_32_BIT_CONVERSION = YES;
				GCC_WARN_ABOUT_RETURN_TYPE = YES_ERROR;
				GCC_WARN_UNDECLARED_SELECTOR = YES;
				GCC_WARN_UNINITIALIZED_AUTOS = YES_AGGRESSIVE;
				GCC_WARN_UNUSED_FUNCTION = YES;
				GCC_WARN_UNUSED_VARIABLE = YES;
				GENERATE_INFOPLIST_FILE = YES;
				IPHONEOS_DEPLOYMENT_TARGET = 17.0;
				LOCALIZATION_PREFERS_STRING_CATALOGS = YES;
				MARKETING_VERSION = 1.0;
				MTL_ENABLE_DEBUG_INFO = INCLUDE_SOURCE;
				MTL_FAST_MATH = YES;
				ONLY_ACTIVE_ARCH = YES;
				PRODUCT_BUNDLE_IDENTIFIER = "FelipeRubio.MeLi-ChallengeTests";
				PRODUCT_NAME = "$(TARGET_NAME)";
				SDKROOT = iphoneos;
				SUPPORTED_PLATFORMS = "iphoneos iphonesimulator";
				SUPPORTS_MACCATALYST = NO;
				SUPPORTS_MAC_DESIGNED_FOR_IPHONE_IPAD = NO;
				SWIFT_ACTIVE_COMPILATION_CONDITIONS = "DEBUG $(inherited)";
				SWIFT_EMIT_LOC_STRINGS = NO;
				SWIFT_OPTIMIZATION_LEVEL = "-Onone";
				SWIFT_VERSION = 5.0;
				TARGETED_DEVICE_FAMILY = "1,2";
				TEST_HOST = "$(BUILT_PRODUCTS_DIR)/MeLi Challenge.app/$(BUNDLE_EXECUTABLE_FOLDER_PATH)/MeLi Challenge";
			};
			name = "Debug Dev";
		};
		5504D29A2C048712007225AB /* Debug QA */ = {
			isa = XCBuildConfiguration;
			baseConfigurationReference = 55DAFBAE2C0CAA0A00D60797 /* Debug QA.xcconfig */;
			buildSettings = {
				ALWAYS_SEARCH_USER_PATHS = NO;
				ASSETCATALOG_COMPILER_GENERATE_SWIFT_ASSET_SYMBOL_EXTENSIONS = YES;
				BUNDLE_LOADER = "$(TEST_HOST)";
				CLANG_ANALYZER_NONNULL = YES;
				CLANG_ANALYZER_NUMBER_OBJECT_CONVERSION = YES_AGGRESSIVE;
				CLANG_CXX_LANGUAGE_STANDARD = "gnu++20";
				CLANG_ENABLE_MODULES = YES;
				CLANG_ENABLE_OBJC_ARC = YES;
				CLANG_ENABLE_OBJC_WEAK = YES;
				CLANG_WARN_BLOCK_CAPTURE_AUTORELEASING = YES;
				CLANG_WARN_BOOL_CONVERSION = YES;
				CLANG_WARN_COMMA = YES;
				CLANG_WARN_CONSTANT_CONVERSION = YES;
				CLANG_WARN_DEPRECATED_OBJC_IMPLEMENTATIONS = YES;
				CLANG_WARN_DIRECT_OBJC_ISA_USAGE = YES_ERROR;
				CLANG_WARN_DOCUMENTATION_COMMENTS = YES;
				CLANG_WARN_EMPTY_BODY = YES;
				CLANG_WARN_ENUM_CONVERSION = YES;
				CLANG_WARN_INFINITE_RECURSION = YES;
				CLANG_WARN_INT_CONVERSION = YES;
				CLANG_WARN_NON_LITERAL_NULL_CONVERSION = YES;
				CLANG_WARN_OBJC_IMPLICIT_RETAIN_SELF = YES;
				CLANG_WARN_OBJC_LITERAL_CONVERSION = YES;
				CLANG_WARN_OBJC_ROOT_CLASS = YES_ERROR;
				CLANG_WARN_QUOTED_INCLUDE_IN_FRAMEWORK_HEADER = YES;
				CLANG_WARN_RANGE_LOOP_ANALYSIS = YES;
				CLANG_WARN_STRICT_PROTOTYPES = YES;
				CLANG_WARN_SUSPICIOUS_MOVE = YES;
				CLANG_WARN_UNGUARDED_AVAILABILITY = YES_AGGRESSIVE;
				CLANG_WARN_UNREACHABLE_CODE = YES;
				CLANG_WARN__DUPLICATE_METHOD_MATCH = YES;
				CODE_SIGN_STYLE = Automatic;
				COPY_PHASE_STRIP = NO;
				CURRENT_PROJECT_VERSION = 1;
				DEBUG_INFORMATION_FORMAT = dwarf;
				DEVELOPMENT_TEAM = 3WV46KGNVB;
				ENABLE_STRICT_OBJC_MSGSEND = YES;
				ENABLE_TESTABILITY = YES;
				ENABLE_USER_SCRIPT_SANDBOXING = YES;
				GCC_C_LANGUAGE_STANDARD = gnu17;
				GCC_DYNAMIC_NO_PIC = NO;
				GCC_NO_COMMON_BLOCKS = YES;
				GCC_OPTIMIZATION_LEVEL = 0;
				GCC_PREPROCESSOR_DEFINITIONS = (
					"DEBUG=1",
					"$(inherited)",
				);
				GCC_WARN_64_TO_32_BIT_CONVERSION = YES;
				GCC_WARN_ABOUT_RETURN_TYPE = YES_ERROR;
				GCC_WARN_UNDECLARED_SELECTOR = YES;
				GCC_WARN_UNINITIALIZED_AUTOS = YES_AGGRESSIVE;
				GCC_WARN_UNUSED_FUNCTION = YES;
				GCC_WARN_UNUSED_VARIABLE = YES;
				GENERATE_INFOPLIST_FILE = YES;
				IPHONEOS_DEPLOYMENT_TARGET = 17.0;
				LOCALIZATION_PREFERS_STRING_CATALOGS = YES;
				MARKETING_VERSION = 1.0;
				MTL_ENABLE_DEBUG_INFO = INCLUDE_SOURCE;
				MTL_FAST_MATH = YES;
				ONLY_ACTIVE_ARCH = YES;
				PRODUCT_BUNDLE_IDENTIFIER = "FelipeRubio.MeLi-ChallengeTests";
				PRODUCT_NAME = "$(TARGET_NAME)";
				SDKROOT = iphoneos;
				SUPPORTED_PLATFORMS = "iphoneos iphonesimulator";
				SUPPORTS_MACCATALYST = NO;
				SUPPORTS_MAC_DESIGNED_FOR_IPHONE_IPAD = NO;
				SWIFT_ACTIVE_COMPILATION_CONDITIONS = "DEBUG $(inherited)";
				SWIFT_EMIT_LOC_STRINGS = NO;
				SWIFT_OPTIMIZATION_LEVEL = "-Onone";
				SWIFT_VERSION = 5.0;
				TARGETED_DEVICE_FAMILY = "1,2";
				TEST_HOST = "$(BUILT_PRODUCTS_DIR)/MeLi Challenge.app/$(BUNDLE_EXECUTABLE_FOLDER_PATH)/MeLi Challenge";
			};
			name = "Debug QA";
		};
		5504D29B2C048712007225AB /* Release Prod */ = {
			isa = XCBuildConfiguration;
			baseConfigurationReference = 55DAFBB42C0CB91400D60797 /* Release Prod.xcconfig */;
			buildSettings = {
				ALWAYS_SEARCH_USER_PATHS = NO;
				ASSETCATALOG_COMPILER_GENERATE_SWIFT_ASSET_SYMBOL_EXTENSIONS = YES;
				BUNDLE_LOADER = "$(TEST_HOST)";
				CLANG_ANALYZER_NONNULL = YES;
				CLANG_ANALYZER_NUMBER_OBJECT_CONVERSION = YES_AGGRESSIVE;
				CLANG_CXX_LANGUAGE_STANDARD = "gnu++20";
				CLANG_ENABLE_MODULES = YES;
				CLANG_ENABLE_OBJC_ARC = YES;
				CLANG_ENABLE_OBJC_WEAK = YES;
				CLANG_WARN_BLOCK_CAPTURE_AUTORELEASING = YES;
				CLANG_WARN_BOOL_CONVERSION = YES;
				CLANG_WARN_COMMA = YES;
				CLANG_WARN_CONSTANT_CONVERSION = YES;
				CLANG_WARN_DEPRECATED_OBJC_IMPLEMENTATIONS = YES;
				CLANG_WARN_DIRECT_OBJC_ISA_USAGE = YES_ERROR;
				CLANG_WARN_DOCUMENTATION_COMMENTS = YES;
				CLANG_WARN_EMPTY_BODY = YES;
				CLANG_WARN_ENUM_CONVERSION = YES;
				CLANG_WARN_INFINITE_RECURSION = YES;
				CLANG_WARN_INT_CONVERSION = YES;
				CLANG_WARN_NON_LITERAL_NULL_CONVERSION = YES;
				CLANG_WARN_OBJC_IMPLICIT_RETAIN_SELF = YES;
				CLANG_WARN_OBJC_LITERAL_CONVERSION = YES;
				CLANG_WARN_OBJC_ROOT_CLASS = YES_ERROR;
				CLANG_WARN_QUOTED_INCLUDE_IN_FRAMEWORK_HEADER = YES;
				CLANG_WARN_RANGE_LOOP_ANALYSIS = YES;
				CLANG_WARN_STRICT_PROTOTYPES = YES;
				CLANG_WARN_SUSPICIOUS_MOVE = YES;
				CLANG_WARN_UNGUARDED_AVAILABILITY = YES_AGGRESSIVE;
				CLANG_WARN_UNREACHABLE_CODE = YES;
				CLANG_WARN__DUPLICATE_METHOD_MATCH = YES;
				CODE_SIGN_STYLE = Automatic;
				COPY_PHASE_STRIP = NO;
				CURRENT_PROJECT_VERSION = 1;
				DEBUG_INFORMATION_FORMAT = "dwarf-with-dsym";
				DEVELOPMENT_TEAM = 3WV46KGNVB;
				ENABLE_NS_ASSERTIONS = NO;
				ENABLE_STRICT_OBJC_MSGSEND = YES;
				ENABLE_USER_SCRIPT_SANDBOXING = YES;
				GCC_C_LANGUAGE_STANDARD = gnu17;
				GCC_NO_COMMON_BLOCKS = YES;
				GCC_WARN_64_TO_32_BIT_CONVERSION = YES;
				GCC_WARN_ABOUT_RETURN_TYPE = YES_ERROR;
				GCC_WARN_UNDECLARED_SELECTOR = YES;
				GCC_WARN_UNINITIALIZED_AUTOS = YES_AGGRESSIVE;
				GCC_WARN_UNUSED_FUNCTION = YES;
				GCC_WARN_UNUSED_VARIABLE = YES;
				GENERATE_INFOPLIST_FILE = YES;
				IPHONEOS_DEPLOYMENT_TARGET = 17.0;
				LOCALIZATION_PREFERS_STRING_CATALOGS = YES;
				MARKETING_VERSION = 1.0;
				MTL_ENABLE_DEBUG_INFO = NO;
				MTL_FAST_MATH = YES;
				PRODUCT_BUNDLE_IDENTIFIER = "FelipeRubio.MeLi-ChallengeTests";
				PRODUCT_NAME = "$(TARGET_NAME)";
				SDKROOT = iphoneos;
				SUPPORTED_PLATFORMS = "iphoneos iphonesimulator";
				SUPPORTS_MACCATALYST = NO;
				SUPPORTS_MAC_DESIGNED_FOR_IPHONE_IPAD = NO;
				SWIFT_COMPILATION_MODE = wholemodule;
				SWIFT_EMIT_LOC_STRINGS = NO;
				SWIFT_VERSION = 5.0;
				TARGETED_DEVICE_FAMILY = "1,2";
				TEST_HOST = "$(BUILT_PRODUCTS_DIR)/MeLi Challenge.app/$(BUNDLE_EXECUTABLE_FOLDER_PATH)/MeLi Challenge";
				VALIDATE_PRODUCT = YES;
			};
			name = "Release Prod";
		};
		5504D29C2C048712007225AB /* Release QA */ = {
			isa = XCBuildConfiguration;
			baseConfigurationReference = 55DAFBB32C0CB90800D60797 /* Release QA.xcconfig */;
			buildSettings = {
				ALWAYS_SEARCH_USER_PATHS = NO;
				ASSETCATALOG_COMPILER_GENERATE_SWIFT_ASSET_SYMBOL_EXTENSIONS = YES;
				BUNDLE_LOADER = "$(TEST_HOST)";
				CLANG_ANALYZER_NONNULL = YES;
				CLANG_ANALYZER_NUMBER_OBJECT_CONVERSION = YES_AGGRESSIVE;
				CLANG_CXX_LANGUAGE_STANDARD = "gnu++20";
				CLANG_ENABLE_MODULES = YES;
				CLANG_ENABLE_OBJC_ARC = YES;
				CLANG_ENABLE_OBJC_WEAK = YES;
				CLANG_WARN_BLOCK_CAPTURE_AUTORELEASING = YES;
				CLANG_WARN_BOOL_CONVERSION = YES;
				CLANG_WARN_COMMA = YES;
				CLANG_WARN_CONSTANT_CONVERSION = YES;
				CLANG_WARN_DEPRECATED_OBJC_IMPLEMENTATIONS = YES;
				CLANG_WARN_DIRECT_OBJC_ISA_USAGE = YES_ERROR;
				CLANG_WARN_DOCUMENTATION_COMMENTS = YES;
				CLANG_WARN_EMPTY_BODY = YES;
				CLANG_WARN_ENUM_CONVERSION = YES;
				CLANG_WARN_INFINITE_RECURSION = YES;
				CLANG_WARN_INT_CONVERSION = YES;
				CLANG_WARN_NON_LITERAL_NULL_CONVERSION = YES;
				CLANG_WARN_OBJC_IMPLICIT_RETAIN_SELF = YES;
				CLANG_WARN_OBJC_LITERAL_CONVERSION = YES;
				CLANG_WARN_OBJC_ROOT_CLASS = YES_ERROR;
				CLANG_WARN_QUOTED_INCLUDE_IN_FRAMEWORK_HEADER = YES;
				CLANG_WARN_RANGE_LOOP_ANALYSIS = YES;
				CLANG_WARN_STRICT_PROTOTYPES = YES;
				CLANG_WARN_SUSPICIOUS_MOVE = YES;
				CLANG_WARN_UNGUARDED_AVAILABILITY = YES_AGGRESSIVE;
				CLANG_WARN_UNREACHABLE_CODE = YES;
				CLANG_WARN__DUPLICATE_METHOD_MATCH = YES;
				CODE_SIGN_STYLE = Automatic;
				COPY_PHASE_STRIP = NO;
				CURRENT_PROJECT_VERSION = 1;
				DEBUG_INFORMATION_FORMAT = "dwarf-with-dsym";
				DEVELOPMENT_TEAM = 3WV46KGNVB;
				ENABLE_NS_ASSERTIONS = NO;
				ENABLE_STRICT_OBJC_MSGSEND = YES;
				ENABLE_USER_SCRIPT_SANDBOXING = YES;
				GCC_C_LANGUAGE_STANDARD = gnu17;
				GCC_NO_COMMON_BLOCKS = YES;
				GCC_WARN_64_TO_32_BIT_CONVERSION = YES;
				GCC_WARN_ABOUT_RETURN_TYPE = YES_ERROR;
				GCC_WARN_UNDECLARED_SELECTOR = YES;
				GCC_WARN_UNINITIALIZED_AUTOS = YES_AGGRESSIVE;
				GCC_WARN_UNUSED_FUNCTION = YES;
				GCC_WARN_UNUSED_VARIABLE = YES;
				GENERATE_INFOPLIST_FILE = YES;
				IPHONEOS_DEPLOYMENT_TARGET = 17.0;
				LOCALIZATION_PREFERS_STRING_CATALOGS = YES;
				MARKETING_VERSION = 1.0;
				MTL_ENABLE_DEBUG_INFO = NO;
				MTL_FAST_MATH = YES;
				PRODUCT_BUNDLE_IDENTIFIER = "FelipeRubio.MeLi-ChallengeTests";
				PRODUCT_NAME = "$(TARGET_NAME)";
				SDKROOT = iphoneos;
				SUPPORTED_PLATFORMS = "iphoneos iphonesimulator";
				SUPPORTS_MACCATALYST = NO;
				SUPPORTS_MAC_DESIGNED_FOR_IPHONE_IPAD = NO;
				SWIFT_COMPILATION_MODE = wholemodule;
				SWIFT_EMIT_LOC_STRINGS = NO;
				SWIFT_VERSION = 5.0;
				TARGETED_DEVICE_FAMILY = "1,2";
				TEST_HOST = "$(BUILT_PRODUCTS_DIR)/MeLi Challenge.app/$(BUNDLE_EXECUTABLE_FOLDER_PATH)/MeLi Challenge";
				VALIDATE_PRODUCT = YES;
			};
			name = "Release QA";
		};
		5504D29D2C048712007225AB /* Release Dev */ = {
			isa = XCBuildConfiguration;
			baseConfigurationReference = 55DAFBB22C0CB8FE00D60797 /* Release Dev.xcconfig */;
			buildSettings = {
				ALWAYS_SEARCH_USER_PATHS = NO;
				ASSETCATALOG_COMPILER_GENERATE_SWIFT_ASSET_SYMBOL_EXTENSIONS = YES;
				BUNDLE_LOADER = "$(TEST_HOST)";
				CLANG_ANALYZER_NONNULL = YES;
				CLANG_ANALYZER_NUMBER_OBJECT_CONVERSION = YES_AGGRESSIVE;
				CLANG_CXX_LANGUAGE_STANDARD = "gnu++20";
				CLANG_ENABLE_MODULES = YES;
				CLANG_ENABLE_OBJC_ARC = YES;
				CLANG_ENABLE_OBJC_WEAK = YES;
				CLANG_WARN_BLOCK_CAPTURE_AUTORELEASING = YES;
				CLANG_WARN_BOOL_CONVERSION = YES;
				CLANG_WARN_COMMA = YES;
				CLANG_WARN_CONSTANT_CONVERSION = YES;
				CLANG_WARN_DEPRECATED_OBJC_IMPLEMENTATIONS = YES;
				CLANG_WARN_DIRECT_OBJC_ISA_USAGE = YES_ERROR;
				CLANG_WARN_DOCUMENTATION_COMMENTS = YES;
				CLANG_WARN_EMPTY_BODY = YES;
				CLANG_WARN_ENUM_CONVERSION = YES;
				CLANG_WARN_INFINITE_RECURSION = YES;
				CLANG_WARN_INT_CONVERSION = YES;
				CLANG_WARN_NON_LITERAL_NULL_CONVERSION = YES;
				CLANG_WARN_OBJC_IMPLICIT_RETAIN_SELF = YES;
				CLANG_WARN_OBJC_LITERAL_CONVERSION = YES;
				CLANG_WARN_OBJC_ROOT_CLASS = YES_ERROR;
				CLANG_WARN_QUOTED_INCLUDE_IN_FRAMEWORK_HEADER = YES;
				CLANG_WARN_RANGE_LOOP_ANALYSIS = YES;
				CLANG_WARN_STRICT_PROTOTYPES = YES;
				CLANG_WARN_SUSPICIOUS_MOVE = YES;
				CLANG_WARN_UNGUARDED_AVAILABILITY = YES_AGGRESSIVE;
				CLANG_WARN_UNREACHABLE_CODE = YES;
				CLANG_WARN__DUPLICATE_METHOD_MATCH = YES;
				CODE_SIGN_STYLE = Automatic;
				COPY_PHASE_STRIP = NO;
				CURRENT_PROJECT_VERSION = 1;
				DEBUG_INFORMATION_FORMAT = "dwarf-with-dsym";
				DEVELOPMENT_TEAM = 3WV46KGNVB;
				ENABLE_NS_ASSERTIONS = NO;
				ENABLE_STRICT_OBJC_MSGSEND = YES;
				ENABLE_USER_SCRIPT_SANDBOXING = YES;
				GCC_C_LANGUAGE_STANDARD = gnu17;
				GCC_NO_COMMON_BLOCKS = YES;
				GCC_WARN_64_TO_32_BIT_CONVERSION = YES;
				GCC_WARN_ABOUT_RETURN_TYPE = YES_ERROR;
				GCC_WARN_UNDECLARED_SELECTOR = YES;
				GCC_WARN_UNINITIALIZED_AUTOS = YES_AGGRESSIVE;
				GCC_WARN_UNUSED_FUNCTION = YES;
				GCC_WARN_UNUSED_VARIABLE = YES;
				GENERATE_INFOPLIST_FILE = YES;
				IPHONEOS_DEPLOYMENT_TARGET = 17.0;
				LOCALIZATION_PREFERS_STRING_CATALOGS = YES;
				MARKETING_VERSION = 1.0;
				MTL_ENABLE_DEBUG_INFO = NO;
				MTL_FAST_MATH = YES;
				PRODUCT_BUNDLE_IDENTIFIER = "FelipeRubio.MeLi-ChallengeTests";
				PRODUCT_NAME = "$(TARGET_NAME)";
				SDKROOT = iphoneos;
				SUPPORTED_PLATFORMS = "iphoneos iphonesimulator";
				SUPPORTS_MACCATALYST = NO;
				SUPPORTS_MAC_DESIGNED_FOR_IPHONE_IPAD = NO;
				SWIFT_COMPILATION_MODE = wholemodule;
				SWIFT_EMIT_LOC_STRINGS = NO;
				SWIFT_VERSION = 5.0;
				TARGETED_DEVICE_FAMILY = "1,2";
				TEST_HOST = "$(BUILT_PRODUCTS_DIR)/MeLi Challenge.app/$(BUNDLE_EXECUTABLE_FOLDER_PATH)/MeLi Challenge";
				VALIDATE_PRODUCT = YES;
			};
			name = "Release Dev";
		};
		55CAD9122C0449540058E54A /* Debug Prod */ = {
			isa = XCBuildConfiguration;
			baseConfigurationReference = 55DAFBAF2C0CAA1100D60797 /* Debug Prod.xcconfig */;
			buildSettings = {
				ALWAYS_SEARCH_USER_PATHS = NO;
				ASSETCATALOG_COMPILER_GENERATE_SWIFT_ASSET_SYMBOL_EXTENSIONS = YES;
				CLANG_ANALYZER_NONNULL = YES;
				CLANG_ANALYZER_NUMBER_OBJECT_CONVERSION = YES_AGGRESSIVE;
				CLANG_CXX_LANGUAGE_STANDARD = "gnu++20";
				CLANG_ENABLE_MODULES = YES;
				CLANG_ENABLE_OBJC_ARC = YES;
				CLANG_ENABLE_OBJC_WEAK = YES;
				CLANG_WARN_BLOCK_CAPTURE_AUTORELEASING = YES;
				CLANG_WARN_BOOL_CONVERSION = YES;
				CLANG_WARN_COMMA = YES;
				CLANG_WARN_CONSTANT_CONVERSION = YES;
				CLANG_WARN_DEPRECATED_OBJC_IMPLEMENTATIONS = YES;
				CLANG_WARN_DIRECT_OBJC_ISA_USAGE = YES_ERROR;
				CLANG_WARN_DOCUMENTATION_COMMENTS = YES;
				CLANG_WARN_EMPTY_BODY = YES;
				CLANG_WARN_ENUM_CONVERSION = YES;
				CLANG_WARN_INFINITE_RECURSION = YES;
				CLANG_WARN_INT_CONVERSION = YES;
				CLANG_WARN_NON_LITERAL_NULL_CONVERSION = YES;
				CLANG_WARN_OBJC_IMPLICIT_RETAIN_SELF = YES;
				CLANG_WARN_OBJC_LITERAL_CONVERSION = YES;
				CLANG_WARN_OBJC_ROOT_CLASS = YES_ERROR;
				CLANG_WARN_QUOTED_INCLUDE_IN_FRAMEWORK_HEADER = YES;
				CLANG_WARN_RANGE_LOOP_ANALYSIS = YES;
				CLANG_WARN_STRICT_PROTOTYPES = YES;
				CLANG_WARN_SUSPICIOUS_MOVE = YES;
				CLANG_WARN_UNGUARDED_AVAILABILITY = YES_AGGRESSIVE;
				CLANG_WARN_UNREACHABLE_CODE = YES;
				CLANG_WARN__DUPLICATE_METHOD_MATCH = YES;
				COPY_PHASE_STRIP = NO;
				DEBUG_INFORMATION_FORMAT = dwarf;
				ENABLE_STRICT_OBJC_MSGSEND = YES;
				ENABLE_TESTABILITY = YES;
				ENABLE_USER_SCRIPT_SANDBOXING = YES;
				GCC_C_LANGUAGE_STANDARD = gnu17;
				GCC_DYNAMIC_NO_PIC = NO;
				GCC_NO_COMMON_BLOCKS = YES;
				GCC_OPTIMIZATION_LEVEL = 0;
				GCC_PREPROCESSOR_DEFINITIONS = (
					"DEBUG=1",
					"$(inherited)",
				);
				GCC_WARN_64_TO_32_BIT_CONVERSION = YES;
				GCC_WARN_ABOUT_RETURN_TYPE = YES_ERROR;
				GCC_WARN_UNDECLARED_SELECTOR = YES;
				GCC_WARN_UNINITIALIZED_AUTOS = YES_AGGRESSIVE;
				GCC_WARN_UNUSED_FUNCTION = YES;
				GCC_WARN_UNUSED_VARIABLE = YES;
				IPHONEOS_DEPLOYMENT_TARGET = 17.0;
				LOCALIZATION_PREFERS_STRING_CATALOGS = YES;
				MTL_ENABLE_DEBUG_INFO = INCLUDE_SOURCE;
				MTL_FAST_MATH = YES;
				ONLY_ACTIVE_ARCH = YES;
				SWIFT_ACTIVE_COMPILATION_CONDITIONS = "DEBUG PROD $(inherited)";
				SWIFT_OPTIMIZATION_LEVEL = "-Onone";
				SWIFT_VERSION = 5.0;
			};
			name = "Debug Prod";
		};
		55CAD9132C0449540058E54A /* Release Prod */ = {
			isa = XCBuildConfiguration;
			baseConfigurationReference = 55DAFBB42C0CB91400D60797 /* Release Prod.xcconfig */;
			buildSettings = {
				ALWAYS_SEARCH_USER_PATHS = NO;
				ASSETCATALOG_COMPILER_GENERATE_SWIFT_ASSET_SYMBOL_EXTENSIONS = YES;
				CLANG_ANALYZER_NONNULL = YES;
				CLANG_ANALYZER_NUMBER_OBJECT_CONVERSION = YES_AGGRESSIVE;
				CLANG_CXX_LANGUAGE_STANDARD = "gnu++20";
				CLANG_ENABLE_MODULES = YES;
				CLANG_ENABLE_OBJC_ARC = YES;
				CLANG_ENABLE_OBJC_WEAK = YES;
				CLANG_WARN_BLOCK_CAPTURE_AUTORELEASING = YES;
				CLANG_WARN_BOOL_CONVERSION = YES;
				CLANG_WARN_COMMA = YES;
				CLANG_WARN_CONSTANT_CONVERSION = YES;
				CLANG_WARN_DEPRECATED_OBJC_IMPLEMENTATIONS = YES;
				CLANG_WARN_DIRECT_OBJC_ISA_USAGE = YES_ERROR;
				CLANG_WARN_DOCUMENTATION_COMMENTS = YES;
				CLANG_WARN_EMPTY_BODY = YES;
				CLANG_WARN_ENUM_CONVERSION = YES;
				CLANG_WARN_INFINITE_RECURSION = YES;
				CLANG_WARN_INT_CONVERSION = YES;
				CLANG_WARN_NON_LITERAL_NULL_CONVERSION = YES;
				CLANG_WARN_OBJC_IMPLICIT_RETAIN_SELF = YES;
				CLANG_WARN_OBJC_LITERAL_CONVERSION = YES;
				CLANG_WARN_OBJC_ROOT_CLASS = YES_ERROR;
				CLANG_WARN_QUOTED_INCLUDE_IN_FRAMEWORK_HEADER = YES;
				CLANG_WARN_RANGE_LOOP_ANALYSIS = YES;
				CLANG_WARN_STRICT_PROTOTYPES = YES;
				CLANG_WARN_SUSPICIOUS_MOVE = YES;
				CLANG_WARN_UNGUARDED_AVAILABILITY = YES_AGGRESSIVE;
				CLANG_WARN_UNREACHABLE_CODE = YES;
				CLANG_WARN__DUPLICATE_METHOD_MATCH = YES;
				COPY_PHASE_STRIP = NO;
				DEBUG_INFORMATION_FORMAT = "dwarf-with-dsym";
				ENABLE_NS_ASSERTIONS = NO;
				ENABLE_STRICT_OBJC_MSGSEND = YES;
				ENABLE_USER_SCRIPT_SANDBOXING = YES;
				GCC_C_LANGUAGE_STANDARD = gnu17;
				GCC_NO_COMMON_BLOCKS = YES;
				GCC_WARN_64_TO_32_BIT_CONVERSION = YES;
				GCC_WARN_ABOUT_RETURN_TYPE = YES_ERROR;
				GCC_WARN_UNDECLARED_SELECTOR = YES;
				GCC_WARN_UNINITIALIZED_AUTOS = YES_AGGRESSIVE;
				GCC_WARN_UNUSED_FUNCTION = YES;
				GCC_WARN_UNUSED_VARIABLE = YES;
				IPHONEOS_DEPLOYMENT_TARGET = 17.0;
				LOCALIZATION_PREFERS_STRING_CATALOGS = YES;
				MTL_ENABLE_DEBUG_INFO = NO;
				MTL_FAST_MATH = YES;
				SWIFT_ACTIVE_COMPILATION_CONDITIONS = "RELEASE PROD";
				SWIFT_COMPILATION_MODE = wholemodule;
				SWIFT_VERSION = 5.0;
			};
			name = "Release Prod";
		};
		55CAD9152C0449540058E54A /* Debug Prod */ = {
			isa = XCBuildConfiguration;
			baseConfigurationReference = 55DAFBAF2C0CAA1100D60797 /* Debug Prod.xcconfig */;
			buildSettings = {
				ASSETCATALOG_COMPILER_APPICON_NAME = AppIcon;
				ASSETCATALOG_COMPILER_GLOBAL_ACCENT_COLOR_NAME = AccentColor;
				CODE_SIGN_ENTITLEMENTS = "MeLi Challenge/MeLi_Challenge.entitlements";
				CODE_SIGN_STYLE = Automatic;
				CURRENT_PROJECT_VERSION = 1;
				DEVELOPMENT_ASSET_PATHS = "\"MeLi Challenge/Preview Content\"";
				DEVELOPMENT_TEAM = 3WV46KGNVB;
				ENABLE_HARDENED_RUNTIME = YES;
				ENABLE_PREVIEWS = YES;
				GENERATE_INFOPLIST_FILE = YES;
				INFOPLIST_FILE = "MeLi-Challenge-Info.plist";
				INFOPLIST_KEY_LSApplicationCategoryType = "public.app-category.shopping";
				"INFOPLIST_KEY_UIApplicationSceneManifest_Generation[sdk=iphoneos*]" = YES;
				"INFOPLIST_KEY_UIApplicationSceneManifest_Generation[sdk=iphonesimulator*]" = YES;
				"INFOPLIST_KEY_UIApplicationSupportsIndirectInputEvents[sdk=iphoneos*]" = YES;
				"INFOPLIST_KEY_UIApplicationSupportsIndirectInputEvents[sdk=iphonesimulator*]" = YES;
				"INFOPLIST_KEY_UILaunchScreen_Generation[sdk=iphoneos*]" = YES;
				"INFOPLIST_KEY_UILaunchScreen_Generation[sdk=iphonesimulator*]" = YES;
				"INFOPLIST_KEY_UIStatusBarStyle[sdk=iphoneos*]" = UIStatusBarStyleDefault;
				"INFOPLIST_KEY_UIStatusBarStyle[sdk=iphonesimulator*]" = UIStatusBarStyleDefault;
				INFOPLIST_KEY_UISupportedInterfaceOrientations_iPad = "UIInterfaceOrientationPortrait UIInterfaceOrientationPortraitUpsideDown UIInterfaceOrientationLandscapeLeft UIInterfaceOrientationLandscapeRight";
				INFOPLIST_KEY_UISupportedInterfaceOrientations_iPhone = "UIInterfaceOrientationPortrait UIInterfaceOrientationLandscapeLeft UIInterfaceOrientationLandscapeRight";
				IPHONEOS_DEPLOYMENT_TARGET = 17.0;
				LD_RUNPATH_SEARCH_PATHS = "@executable_path/Frameworks";
				"LD_RUNPATH_SEARCH_PATHS[sdk=macosx*]" = "@executable_path/../Frameworks";
				MACOSX_DEPLOYMENT_TARGET = 14.0;
				MARKETING_VERSION = 0.0.1;
				PRODUCT_BUNDLE_IDENTIFIER = "FelipeRubio.MeLi-Challenge";
				PRODUCT_NAME = "$(TARGET_NAME)";
				SDKROOT = auto;
				SUPPORTED_PLATFORMS = "iphoneos iphonesimulator";
				SUPPORTS_MACCATALYST = NO;
				SWIFT_ACTIVE_COMPILATION_CONDITIONS = "$(inherited)";
				SWIFT_EMIT_LOC_STRINGS = YES;
				SWIFT_VERSION = 5.0;
				TARGETED_DEVICE_FAMILY = "1,2";
			};
			name = "Debug Prod";
		};
		55CAD9162C0449540058E54A /* Release Prod */ = {
			isa = XCBuildConfiguration;
			baseConfigurationReference = 55DAFBB42C0CB91400D60797 /* Release Prod.xcconfig */;
			buildSettings = {
				ASSETCATALOG_COMPILER_APPICON_NAME = AppIcon;
				ASSETCATALOG_COMPILER_GLOBAL_ACCENT_COLOR_NAME = AccentColor;
				CODE_SIGN_ENTITLEMENTS = "MeLi Challenge/MeLi_Challenge.entitlements";
				CODE_SIGN_STYLE = Automatic;
				CURRENT_PROJECT_VERSION = 1;
				DEVELOPMENT_ASSET_PATHS = "\"MeLi Challenge/Preview Content\"";
				DEVELOPMENT_TEAM = 3WV46KGNVB;
				ENABLE_HARDENED_RUNTIME = YES;
				ENABLE_PREVIEWS = YES;
				GENERATE_INFOPLIST_FILE = YES;
				INFOPLIST_FILE = "MeLi-Challenge-Info.plist";
				INFOPLIST_KEY_LSApplicationCategoryType = "public.app-category.shopping";
				"INFOPLIST_KEY_UIApplicationSceneManifest_Generation[sdk=iphoneos*]" = YES;
				"INFOPLIST_KEY_UIApplicationSceneManifest_Generation[sdk=iphonesimulator*]" = YES;
				"INFOPLIST_KEY_UIApplicationSupportsIndirectInputEvents[sdk=iphoneos*]" = YES;
				"INFOPLIST_KEY_UIApplicationSupportsIndirectInputEvents[sdk=iphonesimulator*]" = YES;
				"INFOPLIST_KEY_UILaunchScreen_Generation[sdk=iphoneos*]" = YES;
				"INFOPLIST_KEY_UILaunchScreen_Generation[sdk=iphonesimulator*]" = YES;
				"INFOPLIST_KEY_UIStatusBarStyle[sdk=iphoneos*]" = UIStatusBarStyleDefault;
				"INFOPLIST_KEY_UIStatusBarStyle[sdk=iphonesimulator*]" = UIStatusBarStyleDefault;
				INFOPLIST_KEY_UISupportedInterfaceOrientations_iPad = "UIInterfaceOrientationPortrait UIInterfaceOrientationPortraitUpsideDown UIInterfaceOrientationLandscapeLeft UIInterfaceOrientationLandscapeRight";
				INFOPLIST_KEY_UISupportedInterfaceOrientations_iPhone = "UIInterfaceOrientationPortrait UIInterfaceOrientationLandscapeLeft UIInterfaceOrientationLandscapeRight";
				IPHONEOS_DEPLOYMENT_TARGET = 17.0;
				LD_RUNPATH_SEARCH_PATHS = "@executable_path/Frameworks";
				"LD_RUNPATH_SEARCH_PATHS[sdk=macosx*]" = "@executable_path/../Frameworks";
				MACOSX_DEPLOYMENT_TARGET = 14.0;
				MARKETING_VERSION = 0.0.1;
				PRODUCT_BUNDLE_IDENTIFIER = "FelipeRubio.MeLi-Challenge";
				PRODUCT_NAME = "$(TARGET_NAME)";
				SDKROOT = auto;
				SUPPORTED_PLATFORMS = "iphoneos iphonesimulator";
				SUPPORTS_MACCATALYST = NO;
				SWIFT_ACTIVE_COMPILATION_CONDITIONS = "RELEASE PROD";
				SWIFT_EMIT_LOC_STRINGS = YES;
				SWIFT_VERSION = 5.0;
				TARGETED_DEVICE_FAMILY = "1,2";
			};
			name = "Release Prod";
		};
		55F3288F2C044FEA0037D987 /* Debug QA */ = {
			isa = XCBuildConfiguration;
			baseConfigurationReference = 55DAFBAE2C0CAA0A00D60797 /* Debug QA.xcconfig */;
			buildSettings = {
				ALWAYS_SEARCH_USER_PATHS = NO;
				ASSETCATALOG_COMPILER_GENERATE_SWIFT_ASSET_SYMBOL_EXTENSIONS = YES;
				CLANG_ANALYZER_NONNULL = YES;
				CLANG_ANALYZER_NUMBER_OBJECT_CONVERSION = YES_AGGRESSIVE;
				CLANG_CXX_LANGUAGE_STANDARD = "gnu++20";
				CLANG_ENABLE_MODULES = YES;
				CLANG_ENABLE_OBJC_ARC = YES;
				CLANG_ENABLE_OBJC_WEAK = YES;
				CLANG_WARN_BLOCK_CAPTURE_AUTORELEASING = YES;
				CLANG_WARN_BOOL_CONVERSION = YES;
				CLANG_WARN_COMMA = YES;
				CLANG_WARN_CONSTANT_CONVERSION = YES;
				CLANG_WARN_DEPRECATED_OBJC_IMPLEMENTATIONS = YES;
				CLANG_WARN_DIRECT_OBJC_ISA_USAGE = YES_ERROR;
				CLANG_WARN_DOCUMENTATION_COMMENTS = YES;
				CLANG_WARN_EMPTY_BODY = YES;
				CLANG_WARN_ENUM_CONVERSION = YES;
				CLANG_WARN_INFINITE_RECURSION = YES;
				CLANG_WARN_INT_CONVERSION = YES;
				CLANG_WARN_NON_LITERAL_NULL_CONVERSION = YES;
				CLANG_WARN_OBJC_IMPLICIT_RETAIN_SELF = YES;
				CLANG_WARN_OBJC_LITERAL_CONVERSION = YES;
				CLANG_WARN_OBJC_ROOT_CLASS = YES_ERROR;
				CLANG_WARN_QUOTED_INCLUDE_IN_FRAMEWORK_HEADER = YES;
				CLANG_WARN_RANGE_LOOP_ANALYSIS = YES;
				CLANG_WARN_STRICT_PROTOTYPES = YES;
				CLANG_WARN_SUSPICIOUS_MOVE = YES;
				CLANG_WARN_UNGUARDED_AVAILABILITY = YES_AGGRESSIVE;
				CLANG_WARN_UNREACHABLE_CODE = YES;
				CLANG_WARN__DUPLICATE_METHOD_MATCH = YES;
				COPY_PHASE_STRIP = NO;
				DEBUG_INFORMATION_FORMAT = dwarf;
				ENABLE_STRICT_OBJC_MSGSEND = YES;
				ENABLE_TESTABILITY = YES;
				ENABLE_USER_SCRIPT_SANDBOXING = YES;
				GCC_C_LANGUAGE_STANDARD = gnu17;
				GCC_DYNAMIC_NO_PIC = NO;
				GCC_NO_COMMON_BLOCKS = YES;
				GCC_OPTIMIZATION_LEVEL = 0;
				GCC_PREPROCESSOR_DEFINITIONS = (
					"DEBUG=1",
					"$(inherited)",
				);
				GCC_WARN_64_TO_32_BIT_CONVERSION = YES;
				GCC_WARN_ABOUT_RETURN_TYPE = YES_ERROR;
				GCC_WARN_UNDECLARED_SELECTOR = YES;
				GCC_WARN_UNINITIALIZED_AUTOS = YES_AGGRESSIVE;
				GCC_WARN_UNUSED_FUNCTION = YES;
				GCC_WARN_UNUSED_VARIABLE = YES;
				IPHONEOS_DEPLOYMENT_TARGET = 17.0;
				LOCALIZATION_PREFERS_STRING_CATALOGS = YES;
				MTL_ENABLE_DEBUG_INFO = INCLUDE_SOURCE;
				MTL_FAST_MATH = YES;
				ONLY_ACTIVE_ARCH = YES;
				SWIFT_ACTIVE_COMPILATION_CONDITIONS = "DEBUG QA $(inherited)";
				SWIFT_OPTIMIZATION_LEVEL = "-Onone";
				SWIFT_VERSION = 5.0;
			};
			name = "Debug QA";
		};
		55F328902C044FEA0037D987 /* Debug QA */ = {
			isa = XCBuildConfiguration;
			baseConfigurationReference = 55DAFBAE2C0CAA0A00D60797 /* Debug QA.xcconfig */;
			buildSettings = {
				ASSETCATALOG_COMPILER_APPICON_NAME = AppIcon;
				ASSETCATALOG_COMPILER_GLOBAL_ACCENT_COLOR_NAME = AccentColor;
				CODE_SIGN_ENTITLEMENTS = "MeLi Challenge/MeLi_Challenge.entitlements";
				CODE_SIGN_STYLE = Automatic;
				CURRENT_PROJECT_VERSION = 1;
				DEVELOPMENT_ASSET_PATHS = "\"MeLi Challenge/Preview Content\"";
				DEVELOPMENT_TEAM = 3WV46KGNVB;
				ENABLE_HARDENED_RUNTIME = YES;
				ENABLE_PREVIEWS = YES;
				GENERATE_INFOPLIST_FILE = YES;
				INFOPLIST_FILE = "MeLi-Challenge-Info.plist";
				INFOPLIST_KEY_LSApplicationCategoryType = "public.app-category.shopping";
				"INFOPLIST_KEY_UIApplicationSceneManifest_Generation[sdk=iphoneos*]" = YES;
				"INFOPLIST_KEY_UIApplicationSceneManifest_Generation[sdk=iphonesimulator*]" = YES;
				"INFOPLIST_KEY_UIApplicationSupportsIndirectInputEvents[sdk=iphoneos*]" = YES;
				"INFOPLIST_KEY_UIApplicationSupportsIndirectInputEvents[sdk=iphonesimulator*]" = YES;
				"INFOPLIST_KEY_UILaunchScreen_Generation[sdk=iphoneos*]" = YES;
				"INFOPLIST_KEY_UILaunchScreen_Generation[sdk=iphonesimulator*]" = YES;
				"INFOPLIST_KEY_UIStatusBarStyle[sdk=iphoneos*]" = UIStatusBarStyleDefault;
				"INFOPLIST_KEY_UIStatusBarStyle[sdk=iphonesimulator*]" = UIStatusBarStyleDefault;
				INFOPLIST_KEY_UISupportedInterfaceOrientations_iPad = "UIInterfaceOrientationPortrait UIInterfaceOrientationPortraitUpsideDown UIInterfaceOrientationLandscapeLeft UIInterfaceOrientationLandscapeRight";
				INFOPLIST_KEY_UISupportedInterfaceOrientations_iPhone = "UIInterfaceOrientationPortrait UIInterfaceOrientationLandscapeLeft UIInterfaceOrientationLandscapeRight";
				IPHONEOS_DEPLOYMENT_TARGET = 17.0;
				LD_RUNPATH_SEARCH_PATHS = "@executable_path/Frameworks";
				"LD_RUNPATH_SEARCH_PATHS[sdk=macosx*]" = "@executable_path/../Frameworks";
				MACOSX_DEPLOYMENT_TARGET = 14.0;
				MARKETING_VERSION = 0.0.1;
				PRODUCT_BUNDLE_IDENTIFIER = "FelipeRubio.MeLi-Challenge";
				PRODUCT_NAME = "$(TARGET_NAME)";
				SDKROOT = auto;
				SUPPORTED_PLATFORMS = "iphoneos iphonesimulator";
				SUPPORTS_MACCATALYST = NO;
				SWIFT_ACTIVE_COMPILATION_CONDITIONS = "$(inherited)";
				SWIFT_EMIT_LOC_STRINGS = YES;
				SWIFT_VERSION = 5.0;
				TARGETED_DEVICE_FAMILY = "1,2";
			};
			name = "Debug QA";
		};
		55F328912C044FEC0037D987 /* Debug Dev */ = {
			isa = XCBuildConfiguration;
			baseConfigurationReference = 55DAFBAC2C0CA93800D60797 /* Debug Dev.xcconfig */;
			buildSettings = {
				ALWAYS_SEARCH_USER_PATHS = NO;
				ASSETCATALOG_COMPILER_GENERATE_SWIFT_ASSET_SYMBOL_EXTENSIONS = YES;
				CLANG_ANALYZER_NONNULL = YES;
				CLANG_ANALYZER_NUMBER_OBJECT_CONVERSION = YES_AGGRESSIVE;
				CLANG_CXX_LANGUAGE_STANDARD = "gnu++20";
				CLANG_ENABLE_MODULES = YES;
				CLANG_ENABLE_OBJC_ARC = YES;
				CLANG_ENABLE_OBJC_WEAK = YES;
				CLANG_WARN_BLOCK_CAPTURE_AUTORELEASING = YES;
				CLANG_WARN_BOOL_CONVERSION = YES;
				CLANG_WARN_COMMA = YES;
				CLANG_WARN_CONSTANT_CONVERSION = YES;
				CLANG_WARN_DEPRECATED_OBJC_IMPLEMENTATIONS = YES;
				CLANG_WARN_DIRECT_OBJC_ISA_USAGE = YES_ERROR;
				CLANG_WARN_DOCUMENTATION_COMMENTS = YES;
				CLANG_WARN_EMPTY_BODY = YES;
				CLANG_WARN_ENUM_CONVERSION = YES;
				CLANG_WARN_INFINITE_RECURSION = YES;
				CLANG_WARN_INT_CONVERSION = YES;
				CLANG_WARN_NON_LITERAL_NULL_CONVERSION = YES;
				CLANG_WARN_OBJC_IMPLICIT_RETAIN_SELF = YES;
				CLANG_WARN_OBJC_LITERAL_CONVERSION = YES;
				CLANG_WARN_OBJC_ROOT_CLASS = YES_ERROR;
				CLANG_WARN_QUOTED_INCLUDE_IN_FRAMEWORK_HEADER = YES;
				CLANG_WARN_RANGE_LOOP_ANALYSIS = YES;
				CLANG_WARN_STRICT_PROTOTYPES = YES;
				CLANG_WARN_SUSPICIOUS_MOVE = YES;
				CLANG_WARN_UNGUARDED_AVAILABILITY = YES_AGGRESSIVE;
				CLANG_WARN_UNREACHABLE_CODE = YES;
				CLANG_WARN__DUPLICATE_METHOD_MATCH = YES;
				COPY_PHASE_STRIP = NO;
				DEBUG_INFORMATION_FORMAT = dwarf;
				ENABLE_STRICT_OBJC_MSGSEND = YES;
				ENABLE_TESTABILITY = YES;
				ENABLE_USER_SCRIPT_SANDBOXING = YES;
				GCC_C_LANGUAGE_STANDARD = gnu17;
				GCC_DYNAMIC_NO_PIC = NO;
				GCC_NO_COMMON_BLOCKS = YES;
				GCC_OPTIMIZATION_LEVEL = 0;
				GCC_PREPROCESSOR_DEFINITIONS = (
					"DEBUG=1",
					"$(inherited)",
				);
				GCC_WARN_64_TO_32_BIT_CONVERSION = YES;
				GCC_WARN_ABOUT_RETURN_TYPE = YES_ERROR;
				GCC_WARN_UNDECLARED_SELECTOR = YES;
				GCC_WARN_UNINITIALIZED_AUTOS = YES_AGGRESSIVE;
				GCC_WARN_UNUSED_FUNCTION = YES;
				GCC_WARN_UNUSED_VARIABLE = YES;
				IPHONEOS_DEPLOYMENT_TARGET = 17.0;
				LOCALIZATION_PREFERS_STRING_CATALOGS = YES;
				MTL_ENABLE_DEBUG_INFO = INCLUDE_SOURCE;
				MTL_FAST_MATH = YES;
				ONLY_ACTIVE_ARCH = YES;
				SWIFT_ACTIVE_COMPILATION_CONDITIONS = "DEBUG DEV $(inherited)";
				SWIFT_OPTIMIZATION_LEVEL = "-Onone";
				SWIFT_VERSION = 5.0;
			};
			name = "Debug Dev";
		};
		55F328922C044FEC0037D987 /* Debug Dev */ = {
			isa = XCBuildConfiguration;
			baseConfigurationReference = 55DAFBAC2C0CA93800D60797 /* Debug Dev.xcconfig */;
			buildSettings = {
				ASSETCATALOG_COMPILER_APPICON_NAME = AppIcon;
				ASSETCATALOG_COMPILER_GLOBAL_ACCENT_COLOR_NAME = AccentColor;
				CODE_SIGN_ENTITLEMENTS = "MeLi Challenge/MeLi_Challenge.entitlements";
				CODE_SIGN_STYLE = Automatic;
				CURRENT_PROJECT_VERSION = 1;
				DEVELOPMENT_ASSET_PATHS = "\"MeLi Challenge/Preview Content\"";
				DEVELOPMENT_TEAM = 3WV46KGNVB;
				ENABLE_HARDENED_RUNTIME = YES;
				ENABLE_PREVIEWS = YES;
				GENERATE_INFOPLIST_FILE = YES;
				INFOPLIST_FILE = "MeLi-Challenge-Info.plist";
				INFOPLIST_KEY_LSApplicationCategoryType = "public.app-category.shopping";
				"INFOPLIST_KEY_UIApplicationSceneManifest_Generation[sdk=iphoneos*]" = YES;
				"INFOPLIST_KEY_UIApplicationSceneManifest_Generation[sdk=iphonesimulator*]" = YES;
				"INFOPLIST_KEY_UIApplicationSupportsIndirectInputEvents[sdk=iphoneos*]" = YES;
				"INFOPLIST_KEY_UIApplicationSupportsIndirectInputEvents[sdk=iphonesimulator*]" = YES;
				"INFOPLIST_KEY_UILaunchScreen_Generation[sdk=iphoneos*]" = YES;
				"INFOPLIST_KEY_UILaunchScreen_Generation[sdk=iphonesimulator*]" = YES;
				"INFOPLIST_KEY_UIStatusBarStyle[sdk=iphoneos*]" = UIStatusBarStyleDefault;
				"INFOPLIST_KEY_UIStatusBarStyle[sdk=iphonesimulator*]" = UIStatusBarStyleDefault;
				INFOPLIST_KEY_UISupportedInterfaceOrientations_iPad = "UIInterfaceOrientationPortrait UIInterfaceOrientationPortraitUpsideDown UIInterfaceOrientationLandscapeLeft UIInterfaceOrientationLandscapeRight";
				INFOPLIST_KEY_UISupportedInterfaceOrientations_iPhone = "UIInterfaceOrientationPortrait UIInterfaceOrientationLandscapeLeft UIInterfaceOrientationLandscapeRight";
				IPHONEOS_DEPLOYMENT_TARGET = 17.0;
				LD_RUNPATH_SEARCH_PATHS = "@executable_path/Frameworks";
				"LD_RUNPATH_SEARCH_PATHS[sdk=macosx*]" = "@executable_path/../Frameworks";
				MACOSX_DEPLOYMENT_TARGET = 14.0;
				MARKETING_VERSION = 0.0.1;
				PRODUCT_BUNDLE_IDENTIFIER = "FelipeRubio.MeLi-Challenge";
				PRODUCT_NAME = "$(TARGET_NAME)";
				SDKROOT = auto;
				SUPPORTED_PLATFORMS = "iphoneos iphonesimulator";
				SUPPORTS_MACCATALYST = NO;
				SWIFT_ACTIVE_COMPILATION_CONDITIONS = "$(inherited)";
				SWIFT_EMIT_LOC_STRINGS = YES;
				SWIFT_VERSION = 5.0;
				TARGETED_DEVICE_FAMILY = "1,2";
			};
			name = "Debug Dev";
		};
		55F328932C044FF00037D987 /* Release QA */ = {
			isa = XCBuildConfiguration;
			baseConfigurationReference = 55DAFBB32C0CB90800D60797 /* Release QA.xcconfig */;
			buildSettings = {
				ALWAYS_SEARCH_USER_PATHS = NO;
				ASSETCATALOG_COMPILER_GENERATE_SWIFT_ASSET_SYMBOL_EXTENSIONS = YES;
				CLANG_ANALYZER_NONNULL = YES;
				CLANG_ANALYZER_NUMBER_OBJECT_CONVERSION = YES_AGGRESSIVE;
				CLANG_CXX_LANGUAGE_STANDARD = "gnu++20";
				CLANG_ENABLE_MODULES = YES;
				CLANG_ENABLE_OBJC_ARC = YES;
				CLANG_ENABLE_OBJC_WEAK = YES;
				CLANG_WARN_BLOCK_CAPTURE_AUTORELEASING = YES;
				CLANG_WARN_BOOL_CONVERSION = YES;
				CLANG_WARN_COMMA = YES;
				CLANG_WARN_CONSTANT_CONVERSION = YES;
				CLANG_WARN_DEPRECATED_OBJC_IMPLEMENTATIONS = YES;
				CLANG_WARN_DIRECT_OBJC_ISA_USAGE = YES_ERROR;
				CLANG_WARN_DOCUMENTATION_COMMENTS = YES;
				CLANG_WARN_EMPTY_BODY = YES;
				CLANG_WARN_ENUM_CONVERSION = YES;
				CLANG_WARN_INFINITE_RECURSION = YES;
				CLANG_WARN_INT_CONVERSION = YES;
				CLANG_WARN_NON_LITERAL_NULL_CONVERSION = YES;
				CLANG_WARN_OBJC_IMPLICIT_RETAIN_SELF = YES;
				CLANG_WARN_OBJC_LITERAL_CONVERSION = YES;
				CLANG_WARN_OBJC_ROOT_CLASS = YES_ERROR;
				CLANG_WARN_QUOTED_INCLUDE_IN_FRAMEWORK_HEADER = YES;
				CLANG_WARN_RANGE_LOOP_ANALYSIS = YES;
				CLANG_WARN_STRICT_PROTOTYPES = YES;
				CLANG_WARN_SUSPICIOUS_MOVE = YES;
				CLANG_WARN_UNGUARDED_AVAILABILITY = YES_AGGRESSIVE;
				CLANG_WARN_UNREACHABLE_CODE = YES;
				CLANG_WARN__DUPLICATE_METHOD_MATCH = YES;
				COPY_PHASE_STRIP = NO;
				DEBUG_INFORMATION_FORMAT = "dwarf-with-dsym";
				ENABLE_NS_ASSERTIONS = NO;
				ENABLE_STRICT_OBJC_MSGSEND = YES;
				ENABLE_USER_SCRIPT_SANDBOXING = YES;
				GCC_C_LANGUAGE_STANDARD = gnu17;
				GCC_NO_COMMON_BLOCKS = YES;
				GCC_WARN_64_TO_32_BIT_CONVERSION = YES;
				GCC_WARN_ABOUT_RETURN_TYPE = YES_ERROR;
				GCC_WARN_UNDECLARED_SELECTOR = YES;
				GCC_WARN_UNINITIALIZED_AUTOS = YES_AGGRESSIVE;
				GCC_WARN_UNUSED_FUNCTION = YES;
				GCC_WARN_UNUSED_VARIABLE = YES;
				IPHONEOS_DEPLOYMENT_TARGET = 17.0;
				LOCALIZATION_PREFERS_STRING_CATALOGS = YES;
				MTL_ENABLE_DEBUG_INFO = NO;
				MTL_FAST_MATH = YES;
				SWIFT_ACTIVE_COMPILATION_CONDITIONS = "RELEASE QA";
				SWIFT_COMPILATION_MODE = wholemodule;
				SWIFT_VERSION = 5.0;
			};
			name = "Release QA";
		};
		55F328942C044FF00037D987 /* Release QA */ = {
			isa = XCBuildConfiguration;
			baseConfigurationReference = 55DAFBB32C0CB90800D60797 /* Release QA.xcconfig */;
			buildSettings = {
				ASSETCATALOG_COMPILER_APPICON_NAME = AppIcon;
				ASSETCATALOG_COMPILER_GLOBAL_ACCENT_COLOR_NAME = AccentColor;
				CODE_SIGN_ENTITLEMENTS = "MeLi Challenge/MeLi_Challenge.entitlements";
				CODE_SIGN_STYLE = Automatic;
				CURRENT_PROJECT_VERSION = 1;
				DEVELOPMENT_ASSET_PATHS = "\"MeLi Challenge/Preview Content\"";
				DEVELOPMENT_TEAM = 3WV46KGNVB;
				ENABLE_HARDENED_RUNTIME = YES;
				ENABLE_PREVIEWS = YES;
				GENERATE_INFOPLIST_FILE = YES;
				INFOPLIST_FILE = "MeLi-Challenge-Info.plist";
				INFOPLIST_KEY_LSApplicationCategoryType = "public.app-category.shopping";
				"INFOPLIST_KEY_UIApplicationSceneManifest_Generation[sdk=iphoneos*]" = YES;
				"INFOPLIST_KEY_UIApplicationSceneManifest_Generation[sdk=iphonesimulator*]" = YES;
				"INFOPLIST_KEY_UIApplicationSupportsIndirectInputEvents[sdk=iphoneos*]" = YES;
				"INFOPLIST_KEY_UIApplicationSupportsIndirectInputEvents[sdk=iphonesimulator*]" = YES;
				"INFOPLIST_KEY_UILaunchScreen_Generation[sdk=iphoneos*]" = YES;
				"INFOPLIST_KEY_UILaunchScreen_Generation[sdk=iphonesimulator*]" = YES;
				"INFOPLIST_KEY_UIStatusBarStyle[sdk=iphoneos*]" = UIStatusBarStyleDefault;
				"INFOPLIST_KEY_UIStatusBarStyle[sdk=iphonesimulator*]" = UIStatusBarStyleDefault;
				INFOPLIST_KEY_UISupportedInterfaceOrientations_iPad = "UIInterfaceOrientationPortrait UIInterfaceOrientationPortraitUpsideDown UIInterfaceOrientationLandscapeLeft UIInterfaceOrientationLandscapeRight";
				INFOPLIST_KEY_UISupportedInterfaceOrientations_iPhone = "UIInterfaceOrientationPortrait UIInterfaceOrientationLandscapeLeft UIInterfaceOrientationLandscapeRight";
				IPHONEOS_DEPLOYMENT_TARGET = 17.0;
				LD_RUNPATH_SEARCH_PATHS = "@executable_path/Frameworks";
				"LD_RUNPATH_SEARCH_PATHS[sdk=macosx*]" = "@executable_path/../Frameworks";
				MACOSX_DEPLOYMENT_TARGET = 14.0;
				MARKETING_VERSION = 0.0.1;
				PRODUCT_BUNDLE_IDENTIFIER = "FelipeRubio.MeLi-Challenge";
				PRODUCT_NAME = "$(TARGET_NAME)";
				SDKROOT = auto;
				SUPPORTED_PLATFORMS = "iphoneos iphonesimulator";
				SUPPORTS_MACCATALYST = NO;
				SWIFT_ACTIVE_COMPILATION_CONDITIONS = "RELEASE QA";
				SWIFT_EMIT_LOC_STRINGS = YES;
				SWIFT_VERSION = 5.0;
				TARGETED_DEVICE_FAMILY = "1,2";
			};
			name = "Release QA";
		};
		55F328952C044FF20037D987 /* Release Dev */ = {
			isa = XCBuildConfiguration;
			baseConfigurationReference = 55DAFBB22C0CB8FE00D60797 /* Release Dev.xcconfig */;
			buildSettings = {
				ALWAYS_SEARCH_USER_PATHS = NO;
				ASSETCATALOG_COMPILER_GENERATE_SWIFT_ASSET_SYMBOL_EXTENSIONS = YES;
				CLANG_ANALYZER_NONNULL = YES;
				CLANG_ANALYZER_NUMBER_OBJECT_CONVERSION = YES_AGGRESSIVE;
				CLANG_CXX_LANGUAGE_STANDARD = "gnu++20";
				CLANG_ENABLE_MODULES = YES;
				CLANG_ENABLE_OBJC_ARC = YES;
				CLANG_ENABLE_OBJC_WEAK = YES;
				CLANG_WARN_BLOCK_CAPTURE_AUTORELEASING = YES;
				CLANG_WARN_BOOL_CONVERSION = YES;
				CLANG_WARN_COMMA = YES;
				CLANG_WARN_CONSTANT_CONVERSION = YES;
				CLANG_WARN_DEPRECATED_OBJC_IMPLEMENTATIONS = YES;
				CLANG_WARN_DIRECT_OBJC_ISA_USAGE = YES_ERROR;
				CLANG_WARN_DOCUMENTATION_COMMENTS = YES;
				CLANG_WARN_EMPTY_BODY = YES;
				CLANG_WARN_ENUM_CONVERSION = YES;
				CLANG_WARN_INFINITE_RECURSION = YES;
				CLANG_WARN_INT_CONVERSION = YES;
				CLANG_WARN_NON_LITERAL_NULL_CONVERSION = YES;
				CLANG_WARN_OBJC_IMPLICIT_RETAIN_SELF = YES;
				CLANG_WARN_OBJC_LITERAL_CONVERSION = YES;
				CLANG_WARN_OBJC_ROOT_CLASS = YES_ERROR;
				CLANG_WARN_QUOTED_INCLUDE_IN_FRAMEWORK_HEADER = YES;
				CLANG_WARN_RANGE_LOOP_ANALYSIS = YES;
				CLANG_WARN_STRICT_PROTOTYPES = YES;
				CLANG_WARN_SUSPICIOUS_MOVE = YES;
				CLANG_WARN_UNGUARDED_AVAILABILITY = YES_AGGRESSIVE;
				CLANG_WARN_UNREACHABLE_CODE = YES;
				CLANG_WARN__DUPLICATE_METHOD_MATCH = YES;
				COPY_PHASE_STRIP = NO;
				DEBUG_INFORMATION_FORMAT = "dwarf-with-dsym";
				ENABLE_NS_ASSERTIONS = NO;
				ENABLE_STRICT_OBJC_MSGSEND = YES;
				ENABLE_USER_SCRIPT_SANDBOXING = YES;
				GCC_C_LANGUAGE_STANDARD = gnu17;
				GCC_NO_COMMON_BLOCKS = YES;
				GCC_WARN_64_TO_32_BIT_CONVERSION = YES;
				GCC_WARN_ABOUT_RETURN_TYPE = YES_ERROR;
				GCC_WARN_UNDECLARED_SELECTOR = YES;
				GCC_WARN_UNINITIALIZED_AUTOS = YES_AGGRESSIVE;
				GCC_WARN_UNUSED_FUNCTION = YES;
				GCC_WARN_UNUSED_VARIABLE = YES;
				IPHONEOS_DEPLOYMENT_TARGET = 17.0;
				LOCALIZATION_PREFERS_STRING_CATALOGS = YES;
				MTL_ENABLE_DEBUG_INFO = NO;
				MTL_FAST_MATH = YES;
				SWIFT_ACTIVE_COMPILATION_CONDITIONS = "RELEASE DEV";
				SWIFT_COMPILATION_MODE = wholemodule;
				SWIFT_VERSION = 5.0;
			};
			name = "Release Dev";
		};
		55F328962C044FF20037D987 /* Release Dev */ = {
			isa = XCBuildConfiguration;
			baseConfigurationReference = 55DAFBB22C0CB8FE00D60797 /* Release Dev.xcconfig */;
			buildSettings = {
				ASSETCATALOG_COMPILER_APPICON_NAME = AppIcon;
				ASSETCATALOG_COMPILER_GLOBAL_ACCENT_COLOR_NAME = AccentColor;
				CODE_SIGN_ENTITLEMENTS = "MeLi Challenge/MeLi_Challenge.entitlements";
				CODE_SIGN_STYLE = Automatic;
				CURRENT_PROJECT_VERSION = 1;
				DEVELOPMENT_ASSET_PATHS = "\"MeLi Challenge/Preview Content\"";
				DEVELOPMENT_TEAM = 3WV46KGNVB;
				ENABLE_HARDENED_RUNTIME = YES;
				ENABLE_PREVIEWS = YES;
				GENERATE_INFOPLIST_FILE = YES;
				INFOPLIST_FILE = "MeLi-Challenge-Info.plist";
				INFOPLIST_KEY_LSApplicationCategoryType = "public.app-category.shopping";
				"INFOPLIST_KEY_UIApplicationSceneManifest_Generation[sdk=iphoneos*]" = YES;
				"INFOPLIST_KEY_UIApplicationSceneManifest_Generation[sdk=iphonesimulator*]" = YES;
				"INFOPLIST_KEY_UIApplicationSupportsIndirectInputEvents[sdk=iphoneos*]" = YES;
				"INFOPLIST_KEY_UIApplicationSupportsIndirectInputEvents[sdk=iphonesimulator*]" = YES;
				"INFOPLIST_KEY_UILaunchScreen_Generation[sdk=iphoneos*]" = YES;
				"INFOPLIST_KEY_UILaunchScreen_Generation[sdk=iphonesimulator*]" = YES;
				"INFOPLIST_KEY_UIStatusBarStyle[sdk=iphoneos*]" = UIStatusBarStyleDefault;
				"INFOPLIST_KEY_UIStatusBarStyle[sdk=iphonesimulator*]" = UIStatusBarStyleDefault;
				INFOPLIST_KEY_UISupportedInterfaceOrientations_iPad = "UIInterfaceOrientationPortrait UIInterfaceOrientationPortraitUpsideDown UIInterfaceOrientationLandscapeLeft UIInterfaceOrientationLandscapeRight";
				INFOPLIST_KEY_UISupportedInterfaceOrientations_iPhone = "UIInterfaceOrientationPortrait UIInterfaceOrientationLandscapeLeft UIInterfaceOrientationLandscapeRight";
				IPHONEOS_DEPLOYMENT_TARGET = 17.0;
				LD_RUNPATH_SEARCH_PATHS = "@executable_path/Frameworks";
				"LD_RUNPATH_SEARCH_PATHS[sdk=macosx*]" = "@executable_path/../Frameworks";
				MACOSX_DEPLOYMENT_TARGET = 14.0;
				MARKETING_VERSION = 0.0.1;
				PRODUCT_BUNDLE_IDENTIFIER = "FelipeRubio.MeLi-Challenge";
				PRODUCT_NAME = "$(TARGET_NAME)";
				SDKROOT = auto;
				SUPPORTED_PLATFORMS = "iphoneos iphonesimulator";
				SUPPORTS_MACCATALYST = NO;
				SWIFT_ACTIVE_COMPILATION_CONDITIONS = "RELEASE DEV";
				SWIFT_EMIT_LOC_STRINGS = YES;
				SWIFT_VERSION = 5.0;
				TARGETED_DEVICE_FAMILY = "1,2";
			};
			name = "Release Dev";
		};
/* End XCBuildConfiguration section */

/* Begin XCConfigurationList section */
		5504D2972C048712007225AB /* Build configuration list for PBXNativeTarget "MeLi ChallengeTests" */ = {
			isa = XCConfigurationList;
			buildConfigurations = (
				5504D2982C048712007225AB /* Debug Prod */,
				5504D2992C048712007225AB /* Debug Dev */,
				5504D29A2C048712007225AB /* Debug QA */,
				5504D29B2C048712007225AB /* Release Prod */,
				5504D29C2C048712007225AB /* Release QA */,
				5504D29D2C048712007225AB /* Release Dev */,
			);
			defaultConfigurationIsVisible = 0;
			defaultConfigurationName = "Release Prod";
		};
		55CAD9002C0449520058E54A /* Build configuration list for PBXProject "MeLi Challenge" */ = {
			isa = XCConfigurationList;
			buildConfigurations = (
				55CAD9122C0449540058E54A /* Debug Prod */,
				55F328912C044FEC0037D987 /* Debug Dev */,
				55F3288F2C044FEA0037D987 /* Debug QA */,
				55CAD9132C0449540058E54A /* Release Prod */,
				55F328932C044FF00037D987 /* Release QA */,
				55F328952C044FF20037D987 /* Release Dev */,
			);
			defaultConfigurationIsVisible = 0;
			defaultConfigurationName = "Release Prod";
		};
		55CAD9142C0449540058E54A /* Build configuration list for PBXNativeTarget "MeLi Challenge" */ = {
			isa = XCConfigurationList;
			buildConfigurations = (
				55CAD9152C0449540058E54A /* Debug Prod */,
				55F328922C044FEC0037D987 /* Debug Dev */,
				55F328902C044FEA0037D987 /* Debug QA */,
				55CAD9162C0449540058E54A /* Release Prod */,
				55F328942C044FF00037D987 /* Release QA */,
				55F328962C044FF20037D987 /* Release Dev */,
			);
			defaultConfigurationIsVisible = 0;
			defaultConfigurationName = "Release Prod";
		};
/* End XCConfigurationList section */
	};
	rootObject = 55CAD8FD2C0449520058E54A /* Project object */;
}
